{
  "version": 4,
  "terraform_version": "1.6.6",
  "serial": 47,
  "lineage": "31836566-16cd-fc96-9878-249607973fd1",
  "outputs": {
    "private": {
      "value": "-----BEGIN RSA PRIVATE KEY-----\nMIIJKgIBAAKCAgEAyDVOYFySf6qfqM1nPTOo/ALOGlRc9phgPbIdlUHpGZhEYqJT\nt40eukl/a3IguRSx4NVxk+2WC/P6f5dNV8PZXVFkTK51GAHAAyp0EIUkGMaXiMtt\nzsrNRJVlv+aViDoReIntlnwNr6orFny5DAHGoQ3chjJpURsucBfVSOgeyEdd+mOz\n6hFzMBt7rPbxsJYE2f7q/iCgfM9cbL1qbS5nDddIBQGjTyXt+ESJ18Krg0QSOCDu\nRo96x8et48y61ZD94VxUXuJ+LHF4AhEdIf0Nlc7RHb7Hst0YfH88x+webLVp2b/d\nHdHeIA2fLiYr5Bdl16Rgi7eo3Xkvz3arVB/BIpLEkuWOnJY8ufgKsipd9FhYGGBA\nhfKQJKVIDMrZ7hpDgVRWGjTygN9KrlME7pIcA88hTiw21pBEzE1OGCMpFL7ddVxe\nq5r4fETZb47zAw9G5YPrsxAEMKfOiIu8y8ZUO+Ig41wQ2r44k21ra/9rypcUuCro\nRtjYuQM7onpBPlwVdPq89a/czmAVMpgFWr+xqnJ2I/WSkRHcNQJCZms9nLUTEP9b\nj8bmqWujbFmLWo2rz/zvP54GeJD0ixhfM1B8t7jkL2rj9a5fy4Pu6N0iXexcRQXA\nIFwSr4LSpNQKU5ICX8ywtuHhm3o6sTEfZny17LMnDe/eIUFxdluP78dQH+kCAwEA\nAQKCAgEAmPL4XG98T+H2tUuuSjg0Kcquz7iRiKYiKB/xr7w5qx8DZ2LhmAFMbz6F\nBH2c+CgSOFR3v24rShhqz5y0Lo9leIAcouRIej2kBgchwhkk2XSmAZB/5BJUvMdx\ngyhSJk9OV4rvoh5FimTzI+vGpqCYsSNYzICoqpicYnAitd723USATDBtGy2XlTH5\nysqhG6mQLUYtGlWspYz46+3M53oiqpVD5Oc6btXoNdmOgPGse8y+Knkl72vffc5T\nTwtx1IQ/IDKcFhzsDWHmL5YJbpTXExJ7+UBtaXy1Hy9JLOZ628vAAOUttIFHM6+U\nYvowX8FsQVDHnRWDASd62gCrpMnZjgiqRDDRFmPBrmXo5t1K79YYTADtT/PWB3+j\nfAaAHl4ZhhZh3JOKyXVzMETwsxbfLfdUhTgverRlqVMxNyQJfY6obPPglpDfhx6S\nu98YoaogeIrrHo6+tc52OeRNPg2fYQErq0yPvijxeZirEGSduPICzFP5fnXWcEF6\nm0fwViwptiVrXHM/awBjMqVjui+PDs6CBM0mfxMduGUqLO9J0H9dIbJqBbGqfjwH\nz7KwNrnIfaB5kTakx/wWpb1O+4zabS0WIsAtWZdZ2zsDOVFAixwZLiktAHez+eXS\nqb4z+0tvIlmNueiH+JyZtdrxcrcRdpPoo877ibJcpyCemy+tn/ECggEBAO8jQVcQ\ncnBDwzkk7bOA6XZ5zM3kk1QAGpHJHb1JkaycusfkSHVxSQcg1b8aiEjCPqXM5evo\nob8NOHg+Y/42jpmbb6XSna+Cet6SdV33tEq3JNQh0h1V/ixbBhWTozlufoFxoQ5r\nM6gHqDZTs9NLtFPCtrqDfMFGICdwyLfiZvgLyQp7jz2Qti6cokFFkFFPQDx2E68J\nPp4/kcfDbhY2aM8E/m+8HxN/42AP70OyS9Vc6SMOTbxCBQe3VcyYj2j0kb5gCPDt\nhn5RYS4XP2+ur94IaUQfE4y3e8A5cR7zoSKj9uzU9qyAquv3v1O+fPfVs/nLaFhE\nbMFLtoVUTCkPeQUCggEBANZTUsc6Fk4UZnRpqtiwcJplZPEnw3hkodNsTZ7o1vLP\nAo6XptdxUkSW7mz1ba/8StuBTt77vfUn0fZ/okhmEWGENXqCxuAVbvf6J7RPcM6q\nF5pkTGgWUtpKKwI5fOxSaALHN4DPHIwrKzsoyrrIFjkylrVVz4+7biN9WhN3itwX\nCSvFGady9+91jVBho6/5gvyCR063RySvtQCcumJMTDx/79hWnPTpADrsdCPP9YcJ\nbBWmgM8EeuUDAt7PoUBksuEFPNhHfThAGhsHVxp59k0tSeL7OORWniPmFzJ4NmIA\nNhOwo7YspEO9pySaaUnzdtOSbjlNTQqpLiq+k9+S8JUCggEBAIlxZuWGc2+o0rSu\nT9xCtGw+twKDZFX8NUkjIW+gsBRYhFXNFAREFyf8rD1JH5lJ4z3iFSfQrd4j2Bfs\nLAZ5Dt6kYrgY5D5yrPHtlX1rl/j1aDpwMdZgjVSrAEU4dLDWm+kECQBDhw4FUJ3g\n39MKiNs3Z1Stq+9dwa9JeGOPwYTBKUxYFczZtov1xJ/lPnwtI4tchhWtJ4tGmCAL\nZ+NmZDjP8vj/U5EeiO22Wts6x7Ea1HgsiWsxOrjjm3GbIZm+L2IOyjTHH+zMEyGt\nhO1IppXjmbToc5EGCB9EJIsYlb1WJd6azCf7T8GNxC56plK/RdDFIvTQZv116bKZ\n76gN140CggEBAK5B/wrW8q23Lno2M9+MzXDrQcBFaUuo3l5NL2sluyaeI2EWcmO2\n0oHMCbzza6Rrx91i7GKmYhNCthbqPWMKAdW8rdKXI+Wr55adgMy8zmZpq1kvdWQn\nymOLbB6Z6TUn50NjAICtZHOe4b5u8y4cYt1MgXacd29QoEMgty0ew/sgi6dX0Pzx\noB7FAAm76V+5ycNOlXWt1J1CczM1OuGTUWTbTIIkIeeKzlIaUG+RtPp/Ma8EurQW\n22j6IspQHLaDaWFFZewfa/NhQxh4xlxTj2u+h9WSFvaoalmbyX6SeP0DWPR3aRRE\nhaZCO/SpyzOCTTnGU/IpJJunZE8Ctq5QBWUCggEAHfEvUcMGZNoZw/uXpq5NT9Hb\nJy8ILXyfZ/1axaB5ea2yT3ZrOiTYHhV+xsUnetFXnpe0KOAbtRgsQR0fE81L15kZ\ntO/3DEoq7z1ODzazELpWpbZwoJ3XM00jmdXUaJbBjBdIkdi7GE3kDNOgqNPrBr8A\nTvqoc8vcRbJ1ea1Gerst8xmZ6756OlJTX6IYKf4gAVGw/YJ1UQwJLzFgDjsUHmIB\nVDN6fhuUWn7mr9RhGqCChAlQMdmxZDF0U4yUP+ivOYSMtVUL4HP6ul/w+HoM3VXO\nBQUMRDIOYAyoNz0uWfGIqegWQGN7Z3cMDkC/bnCWZhZFfByZCXft31L2hnPe2Q==\n-----END RSA PRIVATE KEY-----\n",
      "type": "string",
      "sensitive": true
    }
  },
  "resources": [
    {
      "mode": "data",
      "type": "aws_acm_certificate",
      "name": "cert",
      "provider": "provider[\"registry.terraform.io/hashicorp/aws\"]",
      "instances": [
        {
          "schema_version": 0,
          "attributes": {
            "arn": "arn:aws:acm:us-east-1:939772703763:certificate/6d438058-41b4-4892-a2ba-dead4b9cadad",
            "certificate": "-----BEGIN CERTIFICATE-----\nMIIF4TCCBMmgAwIBAgIQD5PmyM11MUIZV3pSAvKICDANBgkqhkiG9w0BAQsFADA8\nMQswCQYDVQQGEwJVUzEPMA0GA1UEChMGQW1hem9uMRwwGgYDVQQDExNBbWF6b24g\nUlNBIDIwNDggTTAyMB4XDTIzMTAxNjAwMDAwMFoXDTI0MTExMzIzNTk1OVowGzEZ\nMBcGA1UEAxMQeWFzaW5oYXN0dXJrLmNvbTCCASIwDQYJKoZIhvcNAQEBBQADggEP\nADCCAQoCggEBAJXCULeDBF7KrJxMCQ7Y31QBfgX5fszCW853bJ9Fx4LGXYba7Xp8\neRF/RTRkhM6Db+gbVjeumBp+OpKL0ybkO4lAnYpEqqut5KY2XJc9TY9B6eAez5CN\nmEK/wngxUwo+z2jNT1qr4Up8mYaCDSxeAG+A8pTNXdocSrSF4HnyqlovbPNphy0i\nH4KHY58WPnXCVnBCayh2mMNM8gnLH2ZTo0+sj1PW1NH0GpFTMEnvRkvzSJwDE9hY\nlkQTZNJmPtDm4XI+rsYyvE4jMkBode49DCYF91f5Ifg1GHGOX+ezuq24kh8LqQVU\nO9MeSdc6FwyHtl0hJPqUKsuSiN7W7Yy9Q8MCAwEAAaOCAv4wggL6MB8GA1UdIwQY\nMBaAFMAxUs1aUMOCfHRxzsvpnPl664LiMB0GA1UdDgQWBBSp8u0BSUUhridPnhnu\nWGZoODySQjAvBgNVHREEKDAmghB5YXNpbmhhc3R1cmsuY29tghIqLnlhc2luaGFz\ndHVyay5jb20wEwYDVR0gBAwwCjAIBgZngQwBAgEwDgYDVR0PAQH/BAQDAgWgMB0G\nA1UdJQQWMBQGCCsGAQUFBwMBBggrBgEFBQcDAjA7BgNVHR8ENDAyMDCgLqAshipo\ndHRwOi8vY3JsLnIybTAyLmFtYXpvbnRydXN0LmNvbS9yMm0wMi5jcmwwdQYIKwYB\nBQUHAQEEaTBnMC0GCCsGAQUFBzABhiFodHRwOi8vb2NzcC5yMm0wMi5hbWF6b250\ncnVzdC5jb20wNgYIKwYBBQUHMAKGKmh0dHA6Ly9jcnQucjJtMDIuYW1hem9udHJ1\nc3QuY29tL3IybTAyLmNlcjAMBgNVHRMBAf8EAjAAMIIBfwYKKwYBBAHWeQIEAgSC\nAW8EggFrAWkAdgDuzdBk1dsazsVct520zROiModGfLzs3sNRSFlGcR+1mwAAAYs5\nwfj/AAAEAwBHMEUCIAljNLCNIC9I79Ix9EaDSMO6ug0vmVYNvrwon1ow05RjAiEA\n7Vjw1ORM+hX9NbdCvsOKXv/ldbnKAMU526KVJ3j2qG0AdgBIsONr2qZHNA/lagL6\nnTDrHFIBy1bdLIHZu7+rOdiEcwAAAYs5wfkjAAAEAwBHMEUCIQDg7cGTbQZcRJM+\nPXsFUigwcGIn3BKmynJbefaiLApEGQIgZEGar90vndW3/lKQTQ/dMRtBbb0Bk4Lm\n8wBHDnoD/pYAdwDatr9rP7W2Ip+bwrtca+hwkXFsu1GEhTS9pD0wSNf7qwAAAYs5\nwfkRAAAEAwBIMEYCIQCDlXa9IaWTblOIhOzO0dHfDLDwccRMB2jh3p3dabBiLAIh\nAPNlm/YKn2JklkEGoa71ecGHUToXNKBQm+tJiNSD1hAjMA0GCSqGSIb3DQEBCwUA\nA4IBAQCSKPYgFv35RKqYAEG0s/NJI5sSfgAIbQgZi4JnKr32PzOSGfXvNQDDYLJJ\nqbAY2nWVIlFFjwn1rHKk2cH7jGQQHalIL8Wm5P0BrD7dIDLyYKadnDe0ImaYRNMR\nbjxQRpmF9p3z4govE7Ow37iKZcnryvvcJUa3wdb5CSeyZ8eSyk2K4mwxoCiQ2J2V\n40u4PPv06Mi6b8R2J93L6mfv/Nvenotwi7TrIPVZRZcF8XUTUKyS4k1DGx4HBtC2\nWcm/v2yS8EJil6ofW2bL/YeQtPV66bhPvNuiYanrG0vnxXzSqN8WNg0DaJUl1jbi\nZHbbQH364OQYNdI4IUTlVtDD7Nvn\n-----END CERTIFICATE-----\n",
            "certificate_chain": "-----BEGIN CERTIFICATE-----\nMIIEXjCCA0agAwIBAgITB3MSSkvL1E7HtTvq8ZSELToPoTANBgkqhkiG9w0BAQsF\nADA5MQswCQYDVQQGEwJVUzEPMA0GA1UEChMGQW1hem9uMRkwFwYDVQQDExBBbWF6\nb24gUm9vdCBDQSAxMB4XDTIyMDgyMzIyMjUzMFoXDTMwMDgyMzIyMjUzMFowPDEL\nMAkGA1UEBhMCVVMxDzANBgNVBAoTBkFtYXpvbjEcMBoGA1UEAxMTQW1hem9uIFJT\nQSAyMDQ4IE0wMjCCASIwDQYJKoZIhvcNAQEBBQADggEPADCCAQoCggEBALtDGMZa\nqHneKei1by6+pUPPLljTB143Si6VpEWPc6mSkFhZb/6qrkZyoHlQLbDYnI2D7hD0\nsdzEqfnuAjIsuXQLG3A8TvX6V3oFNBFVe8NlLJHvBseKY88saLwufxkZVwk74g4n\nWlNMXzla9Y5F3wwRHwMVH443xGz6UtGSZSqQ94eFx5X7Tlqt8whi8qCaKdZ5rNak\n+r9nUThOeClqFd4oXych//Rc7Y0eX1KNWHYSI1Nk31mYgiK3JvH063g+K9tHA63Z\neTgKgndlh+WI+zv7i44HepRZjA1FYwYZ9Vv/9UkC5Yz8/yU65fgjaE+wVHM4e/Yy\nC2osrPWE7gJ+dXMCAwEAAaOCAVowggFWMBIGA1UdEwEB/wQIMAYBAf8CAQAwDgYD\nVR0PAQH/BAQDAgGGMB0GA1UdJQQWMBQGCCsGAQUFBwMBBggrBgEFBQcDAjAdBgNV\nHQ4EFgQUwDFSzVpQw4J8dHHOy+mc+XrrguIwHwYDVR0jBBgwFoAUhBjMhTTsvAyU\nlC4IWZzHshBOCggwewYIKwYBBQUHAQEEbzBtMC8GCCsGAQUFBzABhiNodHRwOi8v\nb2NzcC5yb290Y2ExLmFtYXpvbnRydXN0LmNvbTA6BggrBgEFBQcwAoYuaHR0cDov\nL2NydC5yb290Y2ExLmFtYXpvbnRydXN0LmNvbS9yb290Y2ExLmNlcjA/BgNVHR8E\nODA2MDSgMqAwhi5odHRwOi8vY3JsLnJvb3RjYTEuYW1hem9udHJ1c3QuY29tL3Jv\nb3RjYTEuY3JsMBMGA1UdIAQMMAowCAYGZ4EMAQIBMA0GCSqGSIb3DQEBCwUAA4IB\nAQAtTi6Fs0Azfi+iwm7jrz+CSxHH+uHl7Law3MQSXVtR8RV53PtR6r/6gNpqlzdo\nZq4FKbADi1v9Bun8RY8D51uedRfjsbeodizeBB8nXmeyD33Ep7VATj4ozcd31YFV\nfgRhvTSxNrrTlNpWkUk0m3BMPv8sg381HhA6uEYokE5q9uws/3YkKqRiEz3TsaWm\nJqIRZhMbgAfp7O7FUwFIb7UIspogZSKxPIWJpxiPo3TcBambbVtQOcNRWz5qCQdD\nslI2yayq0n2TXoHyNCLEH8rpsJRVILFsg0jc7BaFrMnF462+ajSehgj12IidNeRN\n4zl+EoNaWdpnWndvSpAEkq2P\n-----END CERTIFICATE-----\n-----BEGIN CERTIFICATE-----\nMIIEkjCCA3qgAwIBAgITBn+USionzfP6wq4rAfkI7rnExjANBgkqhkiG9w0BAQsF\nADCBmDELMAkGA1UEBhMCVVMxEDAOBgNVBAgTB0FyaXpvbmExEzARBgNVBAcTClNj\nb3R0c2RhbGUxJTAjBgNVBAoTHFN0YXJmaWVsZCBUZWNobm9sb2dpZXMsIEluYy4x\nOzA5BgNVBAMTMlN0YXJmaWVsZCBTZXJ2aWNlcyBSb290IENlcnRpZmljYXRlIEF1\ndGhvcml0eSAtIEcyMB4XDTE1MDUyNTEyMDAwMFoXDTM3MTIzMTAxMDAwMFowOTEL\nMAkGA1UEBhMCVVMxDzANBgNVBAoTBkFtYXpvbjEZMBcGA1UEAxMQQW1hem9uIFJv\nb3QgQ0EgMTCCASIwDQYJKoZIhvcNAQEBBQADggEPADCCAQoCggEBALJ4gHHKeNXj\nca9HgFB0fW7Y14h29Jlo91ghYPl0hAEvrAIthtOgQ3pOsqTQNroBvo3bSMgHFzZM\n9O6II8c+6zf1tRn4SWiw3te5djgdYZ6k/oI2peVKVuRF4fn9tBb6dNqcmzU5L/qw\nIFAGbHrQgLKm+a/sRxmPUDgH3KKHOVj4utWp+UhnMJbulHheb4mjUcAwhmahRWa6\nVOujw5H5SNz/0egwLX0tdHA114gk957EWW67c4cX8jJGKLhD+rcdqsq08p8kDi1L\n93FcXmn/6pUCyziKrlA4b9v7LWIbxcceVOF34GfID5yHI9Y/QCB/IIDEgEw+OyQm\njgSubJrIqg0CAwEAAaOCATEwggEtMA8GA1UdEwEB/wQFMAMBAf8wDgYDVR0PAQH/\nBAQDAgGGMB0GA1UdDgQWBBSEGMyFNOy8DJSULghZnMeyEE4KCDAfBgNVHSMEGDAW\ngBScXwDfqgHXMCs4iKK4bUqc8hGRgzB4BggrBgEFBQcBAQRsMGowLgYIKwYBBQUH\nMAGGImh0dHA6Ly9vY3NwLnJvb3RnMi5hbWF6b250cnVzdC5jb20wOAYIKwYBBQUH\nMAKGLGh0dHA6Ly9jcnQucm9vdGcyLmFtYXpvbnRydXN0LmNvbS9yb290ZzIuY2Vy\nMD0GA1UdHwQ2MDQwMqAwoC6GLGh0dHA6Ly9jcmwucm9vdGcyLmFtYXpvbnRydXN0\nLmNvbS9yb290ZzIuY3JsMBEGA1UdIAQKMAgwBgYEVR0gADANBgkqhkiG9w0BAQsF\nAAOCAQEAYjdCXLwQtT6LLOkMm2xF4gcAevnFWAu5CIw+7bMlPLVvUOTNNWqnkzSW\nMiGpSESrnO09tKpzbeR/FoCJbM8oAxiDR3mjEH4wW6w7sGDgd9QIpuEdfF7Au/ma\neyKdpwAJfqxGF4PcnCZXmTA5YpaP7dreqsXMGz7KQ2hsVxa81Q4gLv7/wmpdLqBK\nbRRYh5TmOTFffHPLkIhqhBGWJ6bt2YFGpn6jcgAKUj6DiAdjd4lpFw85hdKrCEVN\n0FE6/V1dN2RMfjCyVSRCnTawXZwXgWHxyvkQAiSr6w10kY17RSlQOYiypok1JR4U\nakcjMS9cmvqtmg5iUaQqqcT5NJ0hGA==\n-----END CERTIFICATE-----\n-----BEGIN CERTIFICATE-----\nMIIEdTCCA12gAwIBAgIJAKcOSkw0grd/MA0GCSqGSIb3DQEBCwUAMGgxCzAJBgNV\nBAYTAlVTMSUwIwYDVQQKExxTdGFyZmllbGQgVGVjaG5vbG9naWVzLCBJbmMuMTIw\nMAYDVQQLEylTdGFyZmllbGQgQ2xhc3MgMiBDZXJ0aWZpY2F0aW9uIEF1dGhvcml0\neTAeFw0wOTA5MDIwMDAwMDBaFw0zNDA2MjgxNzM5MTZaMIGYMQswCQYDVQQGEwJV\nUzEQMA4GA1UECBMHQXJpem9uYTETMBEGA1UEBxMKU2NvdHRzZGFsZTElMCMGA1UE\nChMcU3RhcmZpZWxkIFRlY2hub2xvZ2llcywgSW5jLjE7MDkGA1UEAxMyU3RhcmZp\nZWxkIFNlcnZpY2VzIFJvb3QgQ2VydGlmaWNhdGUgQXV0aG9yaXR5IC0gRzIwggEi\nMA0GCSqGSIb3DQEBAQUAA4IBDwAwggEKAoIBAQDVDDrEKvlO4vW+GZdfjohTsR8/\ny8+fIBNtKTrID30892t2OGPZNmCom15cAICyL1l/9of5JUOG52kbUpqQ4XHj2C0N\nTm/2yEnZtvMaVq4rtnQU68/7JuMauh2WLmo7WJSJR1b/JaCTcFOD2oR0FMNnngRo\nOt+OQFodSk7PQ5E751bWAHDLUu57fa4657wx+UX2wmDPE1kCK4DMNEffud6QZW0C\nzyyRpqbn3oUYSXxmTqM6bam17jQuug0DuDPfR+uxa40l2ZvOgdFFRjKWcIfeAg5J\nQ4W2bHO7ZOphQazJ1FTfhy/HIrImzJ9ZVGif/L4qL8RVHHVAYBeFAlU5i38FAgMB\nAAGjgfAwge0wDwYDVR0TAQH/BAUwAwEB/zAOBgNVHQ8BAf8EBAMCAYYwHQYDVR0O\nBBYEFJxfAN+qAdcwKziIorhtSpzyEZGDMB8GA1UdIwQYMBaAFL9ft9HO3R+G9FtV\nrNzXEMIOqYjnME8GCCsGAQUFBwEBBEMwQTAcBggrBgEFBQcwAYYQaHR0cDovL28u\nc3MyLnVzLzAhBggrBgEFBQcwAoYVaHR0cDovL3guc3MyLnVzL3guY2VyMCYGA1Ud\nHwQfMB0wG6AZoBeGFWh0dHA6Ly9zLnNzMi51cy9yLmNybDARBgNVHSAECjAIMAYG\nBFUdIAAwDQYJKoZIhvcNAQELBQADggEBACMd44pXyn3pF3lM8R5V/cxTbj5HD9/G\nVfKyBDbtgB9TxF00KGu+x1X8Z+rLP3+QsjPNG1gQggL4+C/1E2DUBc7xgQjB3ad1\nl08YuW3e95ORCLp+QCztweq7dp4zBncdDQh/U90bZKuCJ/Fp1U1ervShw3WnWEQt\n8jxwmKy6abaVd38PMV4s/KCHOkdp8Hlf9BRUpJVeEXgSYCfOn8J3/yNTd126/+pZ\n59vPr5KW7ySaNRB6nJHGDn2Z9j8Z3/VyVOEVqQdZe4O/Ui5GjLIAZHYcSNPYeehu\nVsyuLAOQ1xk4meTKCRlb/weWsKh/NEnfVqn3sF/tM+2MR7cwA130A4w=\n-----END CERTIFICATE-----\n",
            "domain": "yasinhasturk.com",
            "id": "arn:aws:acm:us-east-1:939772703763:certificate/6d438058-41b4-4892-a2ba-dead4b9cadad",
            "key_types": null,
            "most_recent": true,
            "status": "ISSUED",
            "statuses": [
              "ISSUED"
            ],
            "tags": {},
            "types": null
          },
          "sensitive_attributes": []
        }
      ]
    },
    {
      "mode": "data",
      "type": "aws_route53_zone",
      "name": "dns",
      "provider": "provider[\"registry.terraform.io/hashicorp/aws\"]",
      "instances": [
        {
          "schema_version": 0,
          "attributes": {
            "arn": "arn:aws:route53:::hostedzone/Z09970343P9FDCGNVKTS6",
            "caller_reference": "RISWorkflow-RD:92f05b86-d018-4109-99e3-c8eee24b1310",
            "comment": "HostedZone created by Route53 Registrar",
            "id": "Z09970343P9FDCGNVKTS6",
            "linked_service_description": null,
            "linked_service_principal": null,
            "name": "yasinhasturk.com",
            "name_servers": [
              "ns-352.awsdns-44.com",
              "ns-935.awsdns-52.net",
              "ns-1888.awsdns-44.co.uk",
              "ns-1154.awsdns-16.org"
            ],
            "primary_name_server": "ns-352.awsdns-44.com",
            "private_zone": false,
            "resource_record_set_count": 4,
            "tags": {},
            "vpc_id": null,
            "zone_id": "Z09970343P9FDCGNVKTS6"
          },
          "sensitive_attributes": []
        }
      ]
    },
    {
      "mode": "data",
      "type": "aws_vpc",
      "name": "selected",
      "provider": "provider[\"registry.terraform.io/hashicorp/aws\"]",
      "instances": [
        {
          "schema_version": 0,
          "attributes": {
            "arn": "arn:aws:ec2:us-east-1:939772703763:vpc/vpc-07d3a7cae8b930906",
            "cidr_block": "172.31.0.0/16",
            "cidr_block_associations": [
              {
                "association_id": "vpc-cidr-assoc-0b223f35a7a251e6e",
                "cidr_block": "172.31.0.0/16",
                "state": "associated"
              }
            ],
            "default": true,
            "dhcp_options_id": "dopt-0e7f93f0db2c3454a",
            "enable_dns_hostnames": true,
            "enable_dns_support": true,
            "enable_network_address_usage_metrics": false,
            "filter": null,
            "id": "vpc-07d3a7cae8b930906",
            "instance_tenancy": "default",
            "ipv6_association_id": "",
            "ipv6_cidr_block": "",
            "main_route_table_id": "rtb-074f2a8962c64349e",
            "owner_id": "939772703763",
            "state": null,
            "tags": {
              "Name": "aws-default-vpc"
            },
            "timeouts": null
          },
          "sensitive_attributes": []
        }
      ]
    },
    {
      "mode": "managed",
      "type": "aws_alb_listener",
      "name": "rancher-listener1",
      "provider": "provider[\"registry.terraform.io/hashicorp/aws\"]",
      "instances": [
        {
          "schema_version": 0,
          "attributes": {
            "alpn_policy": null,
            "arn": "arn:aws:elasticloadbalancing:us-east-1:939772703763:listener/app/petclinic-rancher-alb/6d2786ecec919a57/4550a6fff1d802ec",
            "certificate_arn": "arn:aws:acm:us-east-1:939772703763:certificate/6d438058-41b4-4892-a2ba-dead4b9cadad",
            "default_action": [
              {
                "authenticate_cognito": [],
                "authenticate_oidc": [],
                "fixed_response": [],
                "forward": [],
                "order": 1,
                "redirect": [],
                "target_group_arn": "arn:aws:elasticloadbalancing:us-east-1:939772703763:targetgroup/clarus-rancher-http-80-tg/6fed3e5c6ddf40c9",
                "type": "forward"
              }
            ],
            "id": "arn:aws:elasticloadbalancing:us-east-1:939772703763:listener/app/petclinic-rancher-alb/6d2786ecec919a57/4550a6fff1d802ec",
            "load_balancer_arn": "arn:aws:elasticloadbalancing:us-east-1:939772703763:loadbalancer/app/petclinic-rancher-alb/6d2786ecec919a57",
            "mutual_authentication": [
              {
                "ignore_client_certificate_expiry": false,
                "mode": "off",
                "trust_store_arn": ""
              }
            ],
            "port": 443,
            "protocol": "HTTPS",
            "ssl_policy": "ELBSecurityPolicy-2016-08",
            "tags": {},
            "tags_all": {},
            "timeouts": null
          },
          "sensitive_attributes": [],
          "private": "eyJlMmJmYjczMC1lY2FhLTExZTYtOGY4OC0zNDM2M2JjN2M0YzAiOnsiY3JlYXRlIjozMDAwMDAwMDAwMDAsInVwZGF0ZSI6MzAwMDAwMDAwMDAwfX0=",
          "dependencies": [
            "aws_alb_target_group.rancher-tg",
            "aws_lb.rancher-alb",
            "aws_security_group.rancher-alb",
            "data.aws_acm_certificate.cert"
          ]
        }
      ]
    },
    {
      "mode": "managed",
      "type": "aws_alb_listener",
      "name": "rancher-listener2",
      "provider": "provider[\"registry.terraform.io/hashicorp/aws\"]",
      "instances": [
        {
          "schema_version": 0,
          "attributes": {
            "alpn_policy": null,
            "arn": "arn:aws:elasticloadbalancing:us-east-1:939772703763:listener/app/petclinic-rancher-alb/6d2786ecec919a57/cd9c6aced6da6df6",
            "certificate_arn": null,
            "default_action": [
              {
                "authenticate_cognito": [],
                "authenticate_oidc": [],
                "fixed_response": [],
                "forward": [],
                "order": 1,
                "redirect": [
                  {
                    "host": "#{host}",
                    "path": "/#{path}",
                    "port": "443",
                    "protocol": "HTTPS",
                    "query": "#{query}",
                    "status_code": "HTTP_301"
                  }
                ],
                "target_group_arn": "",
                "type": "redirect"
              }
            ],
            "id": "arn:aws:elasticloadbalancing:us-east-1:939772703763:listener/app/petclinic-rancher-alb/6d2786ecec919a57/cd9c6aced6da6df6",
            "load_balancer_arn": "arn:aws:elasticloadbalancing:us-east-1:939772703763:loadbalancer/app/petclinic-rancher-alb/6d2786ecec919a57",
            "mutual_authentication": [],
            "port": 80,
            "protocol": "HTTP",
            "ssl_policy": "",
            "tags": {},
            "tags_all": {},
            "timeouts": null
          },
          "sensitive_attributes": [],
          "private": "eyJlMmJmYjczMC1lY2FhLTExZTYtOGY4OC0zNDM2M2JjN2M0YzAiOnsiY3JlYXRlIjozMDAwMDAwMDAwMDAsInVwZGF0ZSI6MzAwMDAwMDAwMDAwfX0=",
          "dependencies": [
            "aws_lb.rancher-alb",
            "aws_security_group.rancher-alb"
          ]
        }
      ]
    },
    {
      "mode": "managed",
      "type": "aws_alb_target_group",
      "name": "rancher-tg",
      "provider": "provider[\"registry.terraform.io/hashicorp/aws\"]",
      "instances": [
        {
          "schema_version": 0,
          "attributes": {
            "arn": "arn:aws:elasticloadbalancing:us-east-1:939772703763:targetgroup/clarus-rancher-http-80-tg/6fed3e5c6ddf40c9",
            "arn_suffix": "targetgroup/clarus-rancher-http-80-tg/6fed3e5c6ddf40c9",
            "connection_termination": null,
            "deregistration_delay": "300",
            "health_check": [
              {
                "enabled": true,
                "healthy_threshold": 3,
                "interval": 10,
                "matcher": "200",
                "path": "/healthz",
                "port": "traffic-port",
                "protocol": "HTTP",
                "timeout": 5,
                "unhealthy_threshold": 3
              }
            ],
            "id": "arn:aws:elasticloadbalancing:us-east-1:939772703763:targetgroup/clarus-rancher-http-80-tg/6fed3e5c6ddf40c9",
            "ip_address_type": "ipv4",
            "lambda_multi_value_headers_enabled": false,
            "load_balancer_arns": [
              "arn:aws:elasticloadbalancing:us-east-1:939772703763:loadbalancer/app/petclinic-rancher-alb/6d2786ecec919a57"
            ],
            "load_balancing_algorithm_type": "round_robin",
            "load_balancing_anomaly_mitigation": "off",
            "load_balancing_cross_zone_enabled": "use_load_balancer_configuration",
            "name": "clarus-rancher-http-80-tg",
            "name_prefix": "",
            "port": 80,
            "preserve_client_ip": null,
            "protocol": "HTTP",
            "protocol_version": "HTTP1",
            "proxy_protocol_v2": false,
            "slow_start": 0,
            "stickiness": [
              {
                "cookie_duration": 86400,
                "cookie_name": "",
                "enabled": false,
                "type": "lb_cookie"
              }
            ],
            "tags": {},
            "tags_all": {},
            "target_failover": [
              {
                "on_deregistration": null,
                "on_unhealthy": null
              }
            ],
            "target_health_state": [
              {
                "enable_unhealthy_connection_termination": null
              }
            ],
            "target_type": "instance",
            "vpc_id": "vpc-07d3a7cae8b930906"
          },
          "sensitive_attributes": [],
          "private": "bnVsbA=="
        }
      ]
    },
    {
      "mode": "managed",
      "type": "aws_alb_target_group_attachment",
      "name": "rancher-attach",
      "provider": "provider[\"registry.terraform.io/hashicorp/aws\"]",
      "instances": [
        {
          "schema_version": 0,
          "attributes": {
            "availability_zone": null,
            "id": "arn:aws:elasticloadbalancing:us-east-1:939772703763:targetgroup/clarus-rancher-http-80-tg/6fed3e5c6ddf40c9-20240404095624174700000001",
            "port": null,
            "target_group_arn": "arn:aws:elasticloadbalancing:us-east-1:939772703763:targetgroup/clarus-rancher-http-80-tg/6fed3e5c6ddf40c9",
            "target_id": "i-0420556bd7c5f29ac"
          },
          "sensitive_attributes": [],
          "private": "bnVsbA==",
          "dependencies": [
            "aws_alb_target_group.rancher-tg",
            "aws_iam_instance_profile.profile_for_rancher",
            "aws_iam_role.role_for_rancher",
            "aws_instance.tf-rancher-server",
            "aws_key_pair.generated_key",
            "aws_security_group.rancher-alb",
            "aws_security_group.tf-rancher-sec-gr",
            "tls_private_key.example"
          ]
        }
      ]
    },
    {
      "mode": "managed",
      "type": "aws_iam_instance_profile",
      "name": "profile_for_rancher",
      "provider": "provider[\"registry.terraform.io/hashicorp/aws\"]",
      "instances": [
        {
          "schema_version": 0,
          "attributes": {
            "arn": "arn:aws:iam::939772703763:instance-profile/petclinic_role_rancher",
            "create_date": "2024-04-04T09:36:19Z",
            "id": "petclinic_role_rancher",
            "name": "petclinic_role_rancher",
            "name_prefix": "",
            "path": "/",
            "role": "petclinic_role_rancher",
            "tags": {},
            "tags_all": {},
            "unique_id": "AIPA5VTWROQJW5Z5B35YC"
          },
          "sensitive_attributes": [],
          "private": "bnVsbA==",
          "dependencies": [
            "aws_iam_role.role_for_rancher"
          ]
        }
      ]
    },
    {
      "mode": "managed",
      "type": "aws_iam_policy",
      "name": "policy_for_rke-controlplane_role",
      "provider": "provider[\"registry.terraform.io/hashicorp/aws\"]",
      "instances": [
        {
          "schema_version": 0,
          "attributes": {
            "arn": "arn:aws:iam::939772703763:policy/petclinic_policy_for_rke-controlplane_role",
            "description": "",
            "id": "arn:aws:iam::939772703763:policy/petclinic_policy_for_rke-controlplane_role",
            "name": "petclinic_policy_for_rke-controlplane_role",
            "name_prefix": "",
            "path": "/",
            "policy": "{\"Statement\":[{\"Action\":[\"autoscaling:DescribeAutoScalingGroups\",\"autoscaling:DescribeLaunchConfigurations\",\"autoscaling:DescribeTags\",\"ec2:DescribeInstances\",\"ec2:DescribeRegions\",\"ec2:DescribeRouteTables\",\"ec2:DescribeSecurityGroups\",\"ec2:DescribeSubnets\",\"ec2:DescribeVolumes\",\"ec2:CreateSecurityGroup\",\"ec2:CreateTags\",\"ec2:CreateVolume\",\"ec2:ModifyInstanceAttribute\",\"ec2:ModifyVolume\",\"ec2:AttachVolume\",\"ec2:AuthorizeSecurityGroupIngress\",\"ec2:CreateRoute\",\"ec2:DeleteRoute\",\"ec2:DeleteSecurityGroup\",\"ec2:DeleteVolume\",\"ec2:DetachVolume\",\"ec2:RevokeSecurityGroupIngress\",\"ec2:DescribeVpcs\",\"elasticloadbalancing:AddTags\",\"elasticloadbalancing:AttachLoadBalancerToSubnets\",\"elasticloadbalancing:ApplySecurityGroupsToLoadBalancer\",\"elasticloadbalancing:CreateLoadBalancer\",\"elasticloadbalancing:CreateLoadBalancerPolicy\",\"elasticloadbalancing:CreateLoadBalancerListeners\",\"elasticloadbalancing:ConfigureHealthCheck\",\"elasticloadbalancing:DeleteLoadBalancer\",\"elasticloadbalancing:DeleteLoadBalancerListeners\",\"elasticloadbalancing:DescribeLoadBalancers\",\"elasticloadbalancing:DescribeLoadBalancerAttributes\",\"elasticloadbalancing:DetachLoadBalancerFromSubnets\",\"elasticloadbalancing:DeregisterInstancesFromLoadBalancer\",\"elasticloadbalancing:ModifyLoadBalancerAttributes\",\"elasticloadbalancing:RegisterInstancesWithLoadBalancer\",\"elasticloadbalancing:SetLoadBalancerPoliciesForBackendServer\",\"elasticloadbalancing:AddTags\",\"elasticloadbalancing:CreateListener\",\"elasticloadbalancing:CreateTargetGroup\",\"elasticloadbalancing:DeleteListener\",\"elasticloadbalancing:DeleteTargetGroup\",\"elasticloadbalancing:DescribeListeners\",\"elasticloadbalancing:DescribeLoadBalancerPolicies\",\"elasticloadbalancing:DescribeTargetGroups\",\"elasticloadbalancing:DescribeTargetHealth\",\"elasticloadbalancing:ModifyListener\",\"elasticloadbalancing:ModifyTargetGroup\",\"elasticloadbalancing:RegisterTargets\",\"elasticloadbalancing:SetLoadBalancerPoliciesOfListener\",\"iam:CreateServiceLinkedRole\",\"kms:DescribeKey\"],\"Effect\":\"Allow\",\"Resource\":[\"*\"]}],\"Version\":\"2012-10-17\"}",
            "policy_id": "ANPA5VTWROQJTBF47H6LN",
            "tags": {},
            "tags_all": {}
          },
          "sensitive_attributes": [],
          "private": "bnVsbA=="
        }
      ]
    },
    {
      "mode": "managed",
      "type": "aws_iam_policy",
      "name": "policy_for_rke_etcd_worker_role",
      "provider": "provider[\"registry.terraform.io/hashicorp/aws\"]",
      "instances": [
        {
          "schema_version": 0,
          "attributes": {
            "arn": "arn:aws:iam::939772703763:policy/petclinic_policy_for_rke_etcd_worker_role",
            "description": "",
            "id": "arn:aws:iam::939772703763:policy/petclinic_policy_for_rke_etcd_worker_role",
            "name": "petclinic_policy_for_rke_etcd_worker_role",
            "name_prefix": "",
            "path": "/",
            "policy": "{\"Statement\":[{\"Action\":[\"ec2:DescribeInstances\",\"ec2:DescribeRegions\",\"ecr:GetAuthorizationToken\",\"ecr:BatchCheckLayerAvailability\",\"ecr:GetDownloadUrlForLayer\",\"ecr:GetRepositoryPolicy\",\"ecr:DescribeRepositories\",\"ecr:ListImages\",\"ecr:BatchGetImage\"],\"Effect\":\"Allow\",\"Resource\":\"*\"}],\"Version\":\"2012-10-17\"}",
            "policy_id": "ANPA5VTWROQJYTB2LLOMS",
            "tags": {},
            "tags_all": {}
          },
          "sensitive_attributes": [],
          "private": "bnVsbA=="
        }
      ]
    },
    {
      "mode": "managed",
      "type": "aws_iam_policy_attachment",
      "name": "attach_for_rancher1",
      "provider": "provider[\"registry.terraform.io/hashicorp/aws\"]",
      "instances": [
        {
          "schema_version": 0,
          "attributes": {
            "groups": [],
            "id": "petclinic_attachment_for_rancher_controlplane",
            "name": "petclinic_attachment_for_rancher_controlplane",
            "policy_arn": "arn:aws:iam::939772703763:policy/petclinic_policy_for_rke-controlplane_role",
            "roles": [
              "petclinic_role_rancher"
            ],
            "users": []
          },
          "sensitive_attributes": [],
          "private": "bnVsbA==",
          "dependencies": [
            "aws_iam_policy.policy_for_rke-controlplane_role",
            "aws_iam_role.role_for_rancher"
          ]
        }
      ]
    },
    {
      "mode": "managed",
      "type": "aws_iam_policy_attachment",
      "name": "attach_for_rancher2",
      "provider": "provider[\"registry.terraform.io/hashicorp/aws\"]",
      "instances": [
        {
          "schema_version": 0,
          "attributes": {
            "groups": [],
            "id": "petclinic_attachment_for_rancher_controlplane",
            "name": "petclinic_attachment_for_rancher_controlplane",
            "policy_arn": "arn:aws:iam::939772703763:policy/petclinic_policy_for_rke_etcd_worker_role",
            "roles": [
              "petclinic_role_rancher"
            ],
            "users": []
          },
          "sensitive_attributes": [],
          "private": "bnVsbA==",
          "dependencies": [
            "aws_iam_policy.policy_for_rke_etcd_worker_role",
            "aws_iam_role.role_for_rancher"
          ]
        }
      ]
    },
    {
      "mode": "managed",
      "type": "aws_iam_role",
      "name": "role_for_rancher",
      "provider": "provider[\"registry.terraform.io/hashicorp/aws\"]",
      "instances": [
        {
          "schema_version": 0,
          "attributes": {
            "arn": "arn:aws:iam::939772703763:role/petclinic_role_rancher",
            "assume_role_policy": "{\"Statement\":[{\"Action\":\"sts:AssumeRole\",\"Effect\":\"Allow\",\"Principal\":{\"Service\":\"ec2.amazonaws.com\"},\"Sid\":\"\"}],\"Version\":\"2012-10-17\"}",
            "create_date": "2024-04-04T09:36:18Z",
            "description": "",
            "force_detach_policies": false,
            "id": "petclinic_role_rancher",
            "inline_policy": [],
            "managed_policy_arns": [
              "arn:aws:iam::939772703763:policy/petclinic_policy_for_rke-controlplane_role",
              "arn:aws:iam::939772703763:policy/petclinic_policy_for_rke_etcd_worker_role"
            ],
            "max_session_duration": 3600,
            "name": "petclinic_role_rancher",
            "name_prefix": "",
            "path": "/",
            "permissions_boundary": "",
            "tags": {
              "Name": "petclinic_role_controlplane_rke"
            },
            "tags_all": {
              "Name": "petclinic_role_controlplane_rke"
            },
            "unique_id": "AROA5VTWROQJSDMYBDKAX"
          },
          "sensitive_attributes": [],
          "private": "bnVsbA=="
        }
      ]
    },
    {
      "mode": "managed",
      "type": "aws_instance",
      "name": "tf-rancher-server",
      "provider": "provider[\"registry.terraform.io/hashicorp/aws\"]",
      "instances": [
        {
          "schema_version": 1,
          "attributes": {
            "ami": "ami-07d9b9ddc6cd8dd30",
            "arn": "arn:aws:ec2:us-east-1:939772703763:instance/i-0420556bd7c5f29ac",
            "associate_public_ip_address": true,
            "availability_zone": "us-east-1a",
            "capacity_reservation_specification": [
              {
                "capacity_reservation_preference": "open",
                "capacity_reservation_target": []
              }
            ],
            "cpu_core_count": 1,
            "cpu_options": [
              {
                "amd_sev_snp": "",
                "core_count": 1,
                "threads_per_core": 2
              }
            ],
            "cpu_threads_per_core": 2,
            "credit_specification": [
              {
                "cpu_credits": "unlimited"
              }
            ],
            "disable_api_stop": false,
            "disable_api_termination": false,
            "ebs_block_device": [],
            "ebs_optimized": false,
            "enclave_options": [
              {
                "enabled": false
              }
            ],
            "ephemeral_block_device": [],
            "get_password_data": false,
            "hibernation": false,
            "host_id": "",
            "host_resource_group_arn": null,
            "iam_instance_profile": "petclinic_role_rancher",
            "id": "i-0420556bd7c5f29ac",
            "instance_initiated_shutdown_behavior": "stop",
            "instance_lifecycle": "",
            "instance_market_options": [],
            "instance_state": "running",
            "instance_type": "t3a.medium",
            "ipv6_address_count": 0,
            "ipv6_addresses": [],
            "key_name": "firstkey1",
            "launch_template": [],
            "maintenance_options": [
              {
                "auto_recovery": "default"
              }
            ],
            "metadata_options": [
              {
                "http_endpoint": "enabled",
                "http_protocol_ipv6": "disabled",
                "http_put_response_hop_limit": 1,
                "http_tokens": "optional",
                "instance_metadata_tags": "disabled"
              }
            ],
            "monitoring": false,
            "network_interface": [],
            "outpost_arn": "",
            "password_data": "",
            "placement_group": "",
            "placement_partition_number": 0,
            "primary_network_interface_id": "eni-001e7780ed4aa6ef3",
            "private_dns": "ip-172-31-90-34.ec2.internal",
            "private_dns_name_options": [
              {
                "enable_resource_name_dns_a_record": false,
                "enable_resource_name_dns_aaaa_record": false,
                "hostname_type": "ip-name"
              }
            ],
            "private_ip": "172.31.90.34",
            "public_dns": "ec2-3-91-99-56.compute-1.amazonaws.com",
            "public_ip": "3.91.99.56",
            "root_block_device": [
              {
                "delete_on_termination": true,
                "device_name": "/dev/sda1",
                "encrypted": false,
                "iops": 100,
                "kms_key_id": "",
                "tags": {},
                "tags_all": {},
                "throughput": 0,
                "volume_id": "vol-0ddf1d487e42a0fd2",
                "volume_size": 16,
                "volume_type": "gp2"
              }
            ],
            "secondary_private_ips": [],
            "security_groups": [
              "rancher-server-sec-gr"
            ],
            "source_dest_check": true,
            "spot_instance_request_id": "",
            "subnet_id": "subnet-025d46be72f5ca672",
            "tags": {
              "Name": "petclinic-rancher-server",
              "kubernetes.io/cluster/petclinic-Rancher": "owned"
            },
            "tags_all": {
              "Name": "petclinic-rancher-server",
              "kubernetes.io/cluster/petclinic-Rancher": "owned"
            },
            "tenancy": "default",
            "timeouts": null,
            "user_data": "a81fb430d86c17fe9a93880192c57140e764a51f",
            "user_data_base64": null,
            "user_data_replace_on_change": false,
            "volume_tags": null,
            "vpc_security_group_ids": [
              "sg-0237b6af9f0b8c83b"
            ]
          },
          "sensitive_attributes": [],
          "private": "eyJlMmJmYjczMC1lY2FhLTExZTYtOGY4OC0zNDM2M2JjN2M0YzAiOnsiY3JlYXRlIjo2MDAwMDAwMDAwMDAsImRlbGV0ZSI6MTIwMDAwMDAwMDAwMCwicmVhZCI6OTAwMDAwMDAwMDAwLCJ1cGRhdGUiOjYwMDAwMDAwMDAwMH0sInNjaGVtYV92ZXJzaW9uIjoiMSJ9",
          "dependencies": [
            "aws_iam_instance_profile.profile_for_rancher",
            "aws_iam_role.role_for_rancher",
            "aws_key_pair.generated_key",
            "aws_security_group.rancher-alb",
            "aws_security_group.tf-rancher-sec-gr",
            "tls_private_key.example"
          ]
        }
      ]
    },
    {
      "mode": "managed",
      "type": "aws_key_pair",
      "name": "generated_key",
      "provider": "provider[\"registry.terraform.io/hashicorp/aws\"]",
      "instances": [
        {
          "schema_version": 1,
          "attributes": {
            "arn": "arn:aws:ec2:us-east-1:939772703763:key-pair/firstkey1",
            "fingerprint": "83:32:7f:5e:86:26:ed:f0:39:79:ad:84:b2:fa:c7:e1",
            "id": "firstkey1",
            "key_name": "firstkey1",
            "key_name_prefix": "",
            "key_pair_id": "key-067f17cf93a4a3a35",
            "key_type": "rsa",
            "public_key": "ssh-rsa AAAAB3NzaC1yc2EAAAADAQABAAACAQDINU5gXJJ/qp+ozWc9M6j8As4aVFz2mGA9sh2VQekZmERiolO3jR66SX9rciC5FLHg1XGT7ZYL8/p/l01Xw9ldUWRMrnUYAcADKnQQhSQYxpeIy23Oys1ElWW/5pWIOhF4ie2WfA2vqisWfLkMAcahDdyGMmlRGy5wF9VI6B7IR136Y7PqEXMwG3us9vGwlgTZ/ur+IKB8z1xsvWptLmcN10gFAaNPJe34RInXwquDRBI4IO5Gj3rHx63jzLrVkP3hXFRe4n4scXgCER0h/Q2VztEdvsey3Rh8fzzH7B5stWnZv90d0d4gDZ8uJivkF2XXpGCLt6jdeS/PdqtUH8EiksSS5Y6cljy5+AqyKl30WFgYYECF8pAkpUgMytnuGkOBVFYaNPKA30quUwTukhwDzyFOLDbWkETMTU4YIykUvt11XF6rmvh8RNlvjvMDD0blg+uzEAQwp86Ii7zLxlQ74iDjXBDavjiTbWtr/2vKlxS4KuhG2Ni5AzuiekE+XBV0+rz1r9zOYBUymAVav7GqcnYj9ZKREdw1AkJmaz2ctRMQ/1uPxuapa6NsWYtajavP/O8/ngZ4kPSLGF8zUHy3uOQvauP1rl/Lg+7o3SJd7FxFBcAgXBKvgtKk1ApTkgJfzLC24eGbejqxMR9mfLXssycN794hQXF2W4/vx1Af6Q==",
            "tags": {},
            "tags_all": {}
          },
          "sensitive_attributes": [],
          "private": "eyJzY2hlbWFfdmVyc2lvbiI6IjEifQ==",
          "dependencies": [
            "tls_private_key.example"
          ]
        }
      ]
    },
    {
      "mode": "managed",
      "type": "aws_lb",
      "name": "rancher-alb",
      "provider": "provider[\"registry.terraform.io/hashicorp/aws\"]",
      "instances": [
        {
          "schema_version": 0,
          "attributes": {
            "access_logs": [
              {
                "bucket": "",
                "enabled": false,
                "prefix": ""
              }
            ],
            "arn": "arn:aws:elasticloadbalancing:us-east-1:939772703763:loadbalancer/app/petclinic-rancher-alb/6d2786ecec919a57",
            "arn_suffix": "app/petclinic-rancher-alb/6d2786ecec919a57",
            "connection_logs": [
              {
                "bucket": "",
                "enabled": false,
                "prefix": ""
              }
            ],
            "customer_owned_ipv4_pool": "",
            "desync_mitigation_mode": "defensive",
            "dns_name": "petclinic-rancher-alb-774085863.us-east-1.elb.amazonaws.com",
            "dns_record_client_routing_policy": null,
            "drop_invalid_header_fields": false,
            "enable_cross_zone_load_balancing": true,
            "enable_deletion_protection": false,
            "enable_http2": true,
            "enable_tls_version_and_cipher_suite_headers": false,
            "enable_waf_fail_open": false,
            "enable_xff_client_port": false,
            "enforce_security_group_inbound_rules_on_private_link_traffic": "",
            "id": "arn:aws:elasticloadbalancing:us-east-1:939772703763:loadbalancer/app/petclinic-rancher-alb/6d2786ecec919a57",
            "idle_timeout": 60,
            "internal": false,
            "ip_address_type": "ipv4",
            "load_balancer_type": "application",
            "name": "petclinic-rancher-alb",
            "name_prefix": "",
            "preserve_host_header": false,
            "security_groups": [
              "sg-02aaff4f067dbe795"
            ],
            "subnet_mapping": [
              {
                "allocation_id": "",
                "ipv6_address": "",
                "outpost_id": "",
                "private_ipv4_address": "",
                "subnet_id": "subnet-0188a05ca26a93126"
              },
              {
                "allocation_id": "",
                "ipv6_address": "",
                "outpost_id": "",
                "private_ipv4_address": "",
                "subnet_id": "subnet-025d46be72f5ca672"
              },
              {
                "allocation_id": "",
                "ipv6_address": "",
                "outpost_id": "",
                "private_ipv4_address": "",
                "subnet_id": "subnet-042f1f0d62b2b1c92"
              }
            ],
            "subnets": [
              "subnet-0188a05ca26a93126",
              "subnet-025d46be72f5ca672",
              "subnet-042f1f0d62b2b1c92"
            ],
            "tags": {},
            "tags_all": {},
            "timeouts": null,
            "vpc_id": "vpc-07d3a7cae8b930906",
            "xff_header_processing_mode": "append",
            "zone_id": "Z35SXDOTRQ7X7K"
          },
          "sensitive_attributes": [],
          "private": "eyJlMmJmYjczMC1lY2FhLTExZTYtOGY4OC0zNDM2M2JjN2M0YzAiOnsiY3JlYXRlIjo2MDAwMDAwMDAwMDAsImRlbGV0ZSI6NjAwMDAwMDAwMDAwLCJ1cGRhdGUiOjYwMDAwMDAwMDAwMH19",
          "dependencies": [
            "aws_security_group.rancher-alb"
          ]
        }
      ]
    },
    {
      "mode": "managed",
      "type": "aws_route53_record",
      "name": "arecord",
      "provider": "provider[\"registry.terraform.io/hashicorp/aws\"]",
      "instances": [
        {
          "schema_version": 2,
          "attributes": {
            "alias": [
              {
                "evaluate_target_health": true,
                "name": "petclinic-rancher-alb-774085863.us-east-1.elb.amazonaws.com",
                "zone_id": "Z35SXDOTRQ7X7K"
              }
            ],
            "allow_overwrite": null,
            "cidr_routing_policy": [],
            "failover_routing_policy": [],
            "fqdn": "ranchero.yasinhasturk.com",
            "geolocation_routing_policy": [],
            "geoproximity_routing_policy": [],
            "health_check_id": "",
            "id": "Z09970343P9FDCGNVKTS6_ranchero.yasinhasturk.com_A",
            "latency_routing_policy": [],
            "multivalue_answer_routing_policy": false,
            "name": "ranchero.yasinhasturk.com",
            "records": [],
            "set_identifier": "",
            "ttl": 0,
            "type": "A",
            "weighted_routing_policy": [],
            "zone_id": "Z09970343P9FDCGNVKTS6"
          },
          "sensitive_attributes": [],
          "private": "eyJzY2hlbWFfdmVyc2lvbiI6IjIifQ==",
          "dependencies": [
            "aws_lb.rancher-alb",
            "aws_security_group.rancher-alb",
            "data.aws_route53_zone.dns"
          ]
        }
      ]
    },
    {
      "mode": "managed",
      "type": "aws_security_group",
      "name": "rancher-alb",
      "provider": "provider[\"registry.terraform.io/hashicorp/aws\"]",
      "instances": [
        {
          "schema_version": 1,
          "attributes": {
            "arn": "arn:aws:ec2:us-east-1:939772703763:security-group/sg-02aaff4f067dbe795",
            "description": "Managed by Terraform",
            "egress": [
              {
                "cidr_blocks": [
                  "0.0.0.0/0"
                ],
                "description": "",
                "from_port": 0,
                "ipv6_cidr_blocks": [],
                "prefix_list_ids": [],
                "protocol": "-1",
                "security_groups": [],
                "self": false,
                "to_port": 0
              }
            ],
            "id": "sg-02aaff4f067dbe795",
            "ingress": [
              {
                "cidr_blocks": [
                  "0.0.0.0/0"
                ],
                "description": "",
                "from_port": 443,
                "ipv6_cidr_blocks": [],
                "prefix_list_ids": [],
                "protocol": "tcp",
                "security_groups": [],
                "self": false,
                "to_port": 443
              },
              {
                "cidr_blocks": [
                  "0.0.0.0/0"
                ],
                "description": "",
                "from_port": 80,
                "ipv6_cidr_blocks": [],
                "prefix_list_ids": [],
                "protocol": "tcp",
                "security_groups": [],
                "self": false,
                "to_port": 80
              }
            ],
            "name": "petclinicdt-rancher-alb-sec-gr",
            "name_prefix": "",
            "owner_id": "939772703763",
            "revoke_rules_on_delete": false,
            "tags": {
              "Name": "petclinicdt-rancher-alb-sec-gr",
              "kubernetes.io/cluster/petclinic-Rancher": "owned"
            },
            "tags_all": {
              "Name": "petclinicdt-rancher-alb-sec-gr",
              "kubernetes.io/cluster/petclinic-Rancher": "owned"
            },
            "timeouts": null,
            "vpc_id": "vpc-07d3a7cae8b930906"
          },
          "sensitive_attributes": [],
          "private": "eyJlMmJmYjczMC1lY2FhLTExZTYtOGY4OC0zNDM2M2JjN2M0YzAiOnsiY3JlYXRlIjo2MDAwMDAwMDAwMDAsImRlbGV0ZSI6OTAwMDAwMDAwMDAwfSwic2NoZW1hX3ZlcnNpb24iOiIxIn0="
        }
      ]
    },
    {
      "mode": "managed",
      "type": "aws_security_group",
      "name": "tf-rancher-sec-gr",
      "provider": "provider[\"registry.terraform.io/hashicorp/aws\"]",
      "instances": [
        {
          "schema_version": 1,
          "attributes": {
            "arn": "arn:aws:ec2:us-east-1:939772703763:security-group/sg-0237b6af9f0b8c83b",
            "description": "Managed by Terraform",
            "egress": [
              {
                "cidr_blocks": [
                  "0.0.0.0/0"
                ],
                "description": "",
                "from_port": 0,
                "ipv6_cidr_blocks": [],
                "prefix_list_ids": [],
                "protocol": "-1",
                "security_groups": [],
                "self": false,
                "to_port": 0
              },
              {
                "cidr_blocks": [
                  "0.0.0.0/0"
                ],
                "description": "",
                "from_port": 22,
                "ipv6_cidr_blocks": [],
                "prefix_list_ids": [],
                "protocol": "tcp",
                "security_groups": [],
                "self": false,
                "to_port": 22
              },
              {
                "cidr_blocks": [
                  "0.0.0.0/0"
                ],
                "description": "",
                "from_port": 2376,
                "ipv6_cidr_blocks": [],
                "prefix_list_ids": [],
                "protocol": "tcp",
                "security_groups": [],
                "self": false,
                "to_port": 2376
              },
              {
                "cidr_blocks": [
                  "0.0.0.0/0"
                ],
                "description": "",
                "from_port": 80,
                "ipv6_cidr_blocks": [],
                "prefix_list_ids": [],
                "protocol": "tcp",
                "security_groups": [],
                "self": false,
                "to_port": 80
              },
              {
                "cidr_blocks": [
                  "35.167.242.46/32",
                  "52.33.59.17/32",
                  "35.160.43.145/32"
                ],
                "description": "",
                "from_port": 443,
                "ipv6_cidr_blocks": [],
                "prefix_list_ids": [],
                "protocol": "tcp",
                "security_groups": [],
                "self": false,
                "to_port": 443
              },
              {
                "cidr_blocks": [],
                "description": "",
                "from_port": 0,
                "ipv6_cidr_blocks": [],
                "prefix_list_ids": [],
                "protocol": "-1",
                "security_groups": [],
                "self": true,
                "to_port": 0
              }
            ],
            "id": "sg-0237b6af9f0b8c83b",
            "ingress": [
              {
                "cidr_blocks": [
                  "0.0.0.0/0"
                ],
                "description": "",
                "from_port": 22,
                "ipv6_cidr_blocks": [],
                "prefix_list_ids": [],
                "protocol": "tcp",
                "security_groups": [],
                "self": false,
                "to_port": 22
              },
              {
                "cidr_blocks": [
                  "0.0.0.0/0"
                ],
                "description": "",
                "from_port": 443,
                "ipv6_cidr_blocks": [],
                "prefix_list_ids": [],
                "protocol": "tcp",
                "security_groups": [],
                "self": false,
                "to_port": 443
              },
              {
                "cidr_blocks": [
                  "0.0.0.0/0"
                ],
                "description": "",
                "from_port": 6443,
                "ipv6_cidr_blocks": [],
                "prefix_list_ids": [],
                "protocol": "tcp",
                "security_groups": [],
                "self": false,
                "to_port": 6443
              },
              {
                "cidr_blocks": [],
                "description": "",
                "from_port": 0,
                "ipv6_cidr_blocks": [],
                "prefix_list_ids": [],
                "protocol": "-1",
                "security_groups": [],
                "self": true,
                "to_port": 0
              },
              {
                "cidr_blocks": [],
                "description": "",
                "from_port": 80,
                "ipv6_cidr_blocks": [],
                "prefix_list_ids": [],
                "protocol": "tcp",
                "security_groups": [
                  "sg-02aaff4f067dbe795"
                ],
                "self": false,
                "to_port": 80
              }
            ],
            "name": "rancher-server-sec-gr",
            "name_prefix": "",
            "owner_id": "939772703763",
            "revoke_rules_on_delete": false,
            "tags": {
              "Name": "rancher-server-sec-gr",
              "kubernetes.io/cluster/petclinic-Rancher": "owned"
            },
            "tags_all": {
              "Name": "rancher-server-sec-gr",
              "kubernetes.io/cluster/petclinic-Rancher": "owned"
            },
            "timeouts": null,
            "vpc_id": "vpc-07d3a7cae8b930906"
          },
          "sensitive_attributes": [],
          "private": "eyJlMmJmYjczMC1lY2FhLTExZTYtOGY4OC0zNDM2M2JjN2M0YzAiOnsiY3JlYXRlIjo2MDAwMDAwMDAwMDAsImRlbGV0ZSI6OTAwMDAwMDAwMDAwfSwic2NoZW1hX3ZlcnNpb24iOiIxIn0=",
          "dependencies": [
            "aws_security_group.rancher-alb"
          ]
        }
      ]
    },
    {
      "mode": "managed",
      "type": "tls_private_key",
      "name": "example",
      "provider": "provider[\"registry.terraform.io/hashicorp/tls\"]",
      "instances": [
        {
          "schema_version": 1,
          "attributes": {
            "algorithm": "RSA",
            "ecdsa_curve": "P224",
            "id": "cd573a81cbae01f32f605720c1d58c37b3cc5fff",
            "private_key_openssh": "-----BEGIN OPENSSH PRIVATE KEY-----\nb3BlbnNzaC1rZXktdjEAAAAABG5vbmUAAAAEbm9uZQAAAAAAAAABAAACFwAAAAdz\nc2gtcnNhAAAAAwEAAQAAAgEAyDVOYFySf6qfqM1nPTOo/ALOGlRc9phgPbIdlUHp\nGZhEYqJTt40eukl/a3IguRSx4NVxk+2WC/P6f5dNV8PZXVFkTK51GAHAAyp0EIUk\nGMaXiMttzsrNRJVlv+aViDoReIntlnwNr6orFny5DAHGoQ3chjJpURsucBfVSOge\nyEdd+mOz6hFzMBt7rPbxsJYE2f7q/iCgfM9cbL1qbS5nDddIBQGjTyXt+ESJ18Kr\ng0QSOCDuRo96x8et48y61ZD94VxUXuJ+LHF4AhEdIf0Nlc7RHb7Hst0YfH88x+we\nbLVp2b/dHdHeIA2fLiYr5Bdl16Rgi7eo3Xkvz3arVB/BIpLEkuWOnJY8ufgKsipd\n9FhYGGBAhfKQJKVIDMrZ7hpDgVRWGjTygN9KrlME7pIcA88hTiw21pBEzE1OGCMp\nFL7ddVxeq5r4fETZb47zAw9G5YPrsxAEMKfOiIu8y8ZUO+Ig41wQ2r44k21ra/9r\nypcUuCroRtjYuQM7onpBPlwVdPq89a/czmAVMpgFWr+xqnJ2I/WSkRHcNQJCZms9\nnLUTEP9bj8bmqWujbFmLWo2rz/zvP54GeJD0ixhfM1B8t7jkL2rj9a5fy4Pu6N0i\nXexcRQXAIFwSr4LSpNQKU5ICX8ywtuHhm3o6sTEfZny17LMnDe/eIUFxdluP78dQ\nH+kAAAc4fVV1kn1VdZIAAAAHc3NoLXJzYQAAAgEAyDVOYFySf6qfqM1nPTOo/ALO\nGlRc9phgPbIdlUHpGZhEYqJTt40eukl/a3IguRSx4NVxk+2WC/P6f5dNV8PZXVFk\nTK51GAHAAyp0EIUkGMaXiMttzsrNRJVlv+aViDoReIntlnwNr6orFny5DAHGoQ3c\nhjJpURsucBfVSOgeyEdd+mOz6hFzMBt7rPbxsJYE2f7q/iCgfM9cbL1qbS5nDddI\nBQGjTyXt+ESJ18Krg0QSOCDuRo96x8et48y61ZD94VxUXuJ+LHF4AhEdIf0Nlc7R\nHb7Hst0YfH88x+webLVp2b/dHdHeIA2fLiYr5Bdl16Rgi7eo3Xkvz3arVB/BIpLE\nkuWOnJY8ufgKsipd9FhYGGBAhfKQJKVIDMrZ7hpDgVRWGjTygN9KrlME7pIcA88h\nTiw21pBEzE1OGCMpFL7ddVxeq5r4fETZb47zAw9G5YPrsxAEMKfOiIu8y8ZUO+Ig\n41wQ2r44k21ra/9rypcUuCroRtjYuQM7onpBPlwVdPq89a/czmAVMpgFWr+xqnJ2\nI/WSkRHcNQJCZms9nLUTEP9bj8bmqWujbFmLWo2rz/zvP54GeJD0ixhfM1B8t7jk\nL2rj9a5fy4Pu6N0iXexcRQXAIFwSr4LSpNQKU5ICX8ywtuHhm3o6sTEfZny17LMn\nDe/eIUFxdluP78dQH+kAAAADAQABAAACAQCY8vhcb3xP4fa1S65KODQpyq7PuJGI\npiIoH/GvvDmrHwNnYuGYAUxvPoUEfZz4KBI4VHe/bitKGGrPnLQuj2V4gByi5Eh6\nPaQGByHCGSTZdKYBkH/kElS8x3GDKFImT05Xiu+iHkWKZPMj68amoJixI1jMgKiq\nmJxicCK13vbdRIBMMG0bLZeVMfnKyqEbqZAtRi0aVayljPjr7czneiKqlUPk5zpu\n1eg12Y6A8ax7zL4qeSXva999zlNPC3HUhD8gMpwWHOwNYeYvlglulNcTEnv5QG1p\nfLUfL0ks5nrby8AA5S20gUczr5Ri+jBfwWxBUMedFYMBJ3raAKukydmOCKpEMNEW\nY8GuZejm3Urv1hhMAO1P89YHf6N8BoAeXhmGFmHck4rJdXMwRPCzFt8t91SFOC96\ntGWpUzE3JAl9jqhs8+CWkN+HHpK73xihqiB4iusejr61znY55E0+DZ9hASurTI++\nKPF5mKsQZJ248gLMU/l+ddZwQXqbR/BWLCm2JWtccz9rAGMypWO6L48OzoIEzSZ/\nEx24ZSos70nQf10hsmoFsap+PAfPsrA2uch9oHmRNqTH/BalvU77jNptLRYiwC1Z\nl1nbOwM5UUCLHBkuKS0Ad7P55dKpvjP7S28iWY256If4nJm12vFytxF2k+ijzvuJ\nslynIJ6bL62f8QAAAQAd8S9RwwZk2hnD+5emrk1P0dsnLwgtfJ9n/VrFoHl5rbJP\ndms6JNgeFX7GxSd60Veel7Qo4Bu1GCxBHR8TzUvXmRm07/cMSirvPU4PNrMQulal\ntnCgndczTSOZ1dRolsGMF0iR2LsYTeQM06Co0+sGvwBO+qhzy9xFsnV5rUZ6uy3z\nGZnrvno6UlNfohgp/iABUbD9gnVRDAkvMWAOOxQeYgFUM3p+G5Rafuav1GEaoIKE\nCVAx2bFkMXRTjJQ/6K85hIy1VQvgc/q6X/D4egzdVc4FBQxEMg5gDKg3PS5Z8Yip\n6BZAY3tndwwOQL9ucJZmFkV8HJkJd+3fUvaGc97ZAAABAQDvI0FXEHJwQ8M5JO2z\ngOl2eczN5JNUABqRyR29SZGsnLrH5Eh1cUkHINW/GohIwj6lzOXr6KG/DTh4PmP+\nNo6Zm2+l0p2vgnreknVd97RKtyTUIdIdVf4sWwYVk6M5bn6BcaEOazOoB6g2U7PT\nS7RTwra6g3zBRiAncMi34mb4C8kKe489kLYunKJBRZBRT0A8dhOvCT6eP5HHw24W\nNmjPBP5vvB8Tf+NgD+9DskvVXOkjDk28QgUHt1XMmI9o9JG+YAjw7YZ+UWEuFz9v\nrq/eCGlEHxOMt3vAOXEe86Eio/bs1PasgKrr979Tvnz31bP5y2hYRGzBS7aFVEwp\nD3kFAAABAQDWU1LHOhZOFGZ0aarYsHCaZWTxJ8N4ZKHTbE2e6NbyzwKOl6bXcVJE\nlu5s9W2v/ErbgU7e+731J9H2f6JIZhFhhDV6gsbgFW73+ie0T3DOqheaZExoFlLa\nSisCOXzsUmgCxzeAzxyMKys7KMq6yBY5Mpa1Vc+Pu24jfVoTd4rcFwkrxRmncvfv\ndY1QYaOv+YL8gkdOt0ckr7UAnLpiTEw8f+/YVpz06QA67HQjz/WHCWwVpoDPBHrl\nAwLez6FAZLLhBTzYR304QBobB1caefZNLUni+zjkVp4j5hcyeDZiADYTsKO2LKRD\nvackmmlJ83bTkm45TU0KqS4qvpPfkvCVAAAAAAEC\n-----END OPENSSH PRIVATE KEY-----\n",
            "private_key_pem": "-----BEGIN RSA PRIVATE KEY-----\nMIIJKgIBAAKCAgEAyDVOYFySf6qfqM1nPTOo/ALOGlRc9phgPbIdlUHpGZhEYqJT\nt40eukl/a3IguRSx4NVxk+2WC/P6f5dNV8PZXVFkTK51GAHAAyp0EIUkGMaXiMtt\nzsrNRJVlv+aViDoReIntlnwNr6orFny5DAHGoQ3chjJpURsucBfVSOgeyEdd+mOz\n6hFzMBt7rPbxsJYE2f7q/iCgfM9cbL1qbS5nDddIBQGjTyXt+ESJ18Krg0QSOCDu\nRo96x8et48y61ZD94VxUXuJ+LHF4AhEdIf0Nlc7RHb7Hst0YfH88x+webLVp2b/d\nHdHeIA2fLiYr5Bdl16Rgi7eo3Xkvz3arVB/BIpLEkuWOnJY8ufgKsipd9FhYGGBA\nhfKQJKVIDMrZ7hpDgVRWGjTygN9KrlME7pIcA88hTiw21pBEzE1OGCMpFL7ddVxe\nq5r4fETZb47zAw9G5YPrsxAEMKfOiIu8y8ZUO+Ig41wQ2r44k21ra/9rypcUuCro\nRtjYuQM7onpBPlwVdPq89a/czmAVMpgFWr+xqnJ2I/WSkRHcNQJCZms9nLUTEP9b\nj8bmqWujbFmLWo2rz/zvP54GeJD0ixhfM1B8t7jkL2rj9a5fy4Pu6N0iXexcRQXA\nIFwSr4LSpNQKU5ICX8ywtuHhm3o6sTEfZny17LMnDe/eIUFxdluP78dQH+kCAwEA\nAQKCAgEAmPL4XG98T+H2tUuuSjg0Kcquz7iRiKYiKB/xr7w5qx8DZ2LhmAFMbz6F\nBH2c+CgSOFR3v24rShhqz5y0Lo9leIAcouRIej2kBgchwhkk2XSmAZB/5BJUvMdx\ngyhSJk9OV4rvoh5FimTzI+vGpqCYsSNYzICoqpicYnAitd723USATDBtGy2XlTH5\nysqhG6mQLUYtGlWspYz46+3M53oiqpVD5Oc6btXoNdmOgPGse8y+Knkl72vffc5T\nTwtx1IQ/IDKcFhzsDWHmL5YJbpTXExJ7+UBtaXy1Hy9JLOZ628vAAOUttIFHM6+U\nYvowX8FsQVDHnRWDASd62gCrpMnZjgiqRDDRFmPBrmXo5t1K79YYTADtT/PWB3+j\nfAaAHl4ZhhZh3JOKyXVzMETwsxbfLfdUhTgverRlqVMxNyQJfY6obPPglpDfhx6S\nu98YoaogeIrrHo6+tc52OeRNPg2fYQErq0yPvijxeZirEGSduPICzFP5fnXWcEF6\nm0fwViwptiVrXHM/awBjMqVjui+PDs6CBM0mfxMduGUqLO9J0H9dIbJqBbGqfjwH\nz7KwNrnIfaB5kTakx/wWpb1O+4zabS0WIsAtWZdZ2zsDOVFAixwZLiktAHez+eXS\nqb4z+0tvIlmNueiH+JyZtdrxcrcRdpPoo877ibJcpyCemy+tn/ECggEBAO8jQVcQ\ncnBDwzkk7bOA6XZ5zM3kk1QAGpHJHb1JkaycusfkSHVxSQcg1b8aiEjCPqXM5evo\nob8NOHg+Y/42jpmbb6XSna+Cet6SdV33tEq3JNQh0h1V/ixbBhWTozlufoFxoQ5r\nM6gHqDZTs9NLtFPCtrqDfMFGICdwyLfiZvgLyQp7jz2Qti6cokFFkFFPQDx2E68J\nPp4/kcfDbhY2aM8E/m+8HxN/42AP70OyS9Vc6SMOTbxCBQe3VcyYj2j0kb5gCPDt\nhn5RYS4XP2+ur94IaUQfE4y3e8A5cR7zoSKj9uzU9qyAquv3v1O+fPfVs/nLaFhE\nbMFLtoVUTCkPeQUCggEBANZTUsc6Fk4UZnRpqtiwcJplZPEnw3hkodNsTZ7o1vLP\nAo6XptdxUkSW7mz1ba/8StuBTt77vfUn0fZ/okhmEWGENXqCxuAVbvf6J7RPcM6q\nF5pkTGgWUtpKKwI5fOxSaALHN4DPHIwrKzsoyrrIFjkylrVVz4+7biN9WhN3itwX\nCSvFGady9+91jVBho6/5gvyCR063RySvtQCcumJMTDx/79hWnPTpADrsdCPP9YcJ\nbBWmgM8EeuUDAt7PoUBksuEFPNhHfThAGhsHVxp59k0tSeL7OORWniPmFzJ4NmIA\nNhOwo7YspEO9pySaaUnzdtOSbjlNTQqpLiq+k9+S8JUCggEBAIlxZuWGc2+o0rSu\nT9xCtGw+twKDZFX8NUkjIW+gsBRYhFXNFAREFyf8rD1JH5lJ4z3iFSfQrd4j2Bfs\nLAZ5Dt6kYrgY5D5yrPHtlX1rl/j1aDpwMdZgjVSrAEU4dLDWm+kECQBDhw4FUJ3g\n39MKiNs3Z1Stq+9dwa9JeGOPwYTBKUxYFczZtov1xJ/lPnwtI4tchhWtJ4tGmCAL\nZ+NmZDjP8vj/U5EeiO22Wts6x7Ea1HgsiWsxOrjjm3GbIZm+L2IOyjTHH+zMEyGt\nhO1IppXjmbToc5EGCB9EJIsYlb1WJd6azCf7T8GNxC56plK/RdDFIvTQZv116bKZ\n76gN140CggEBAK5B/wrW8q23Lno2M9+MzXDrQcBFaUuo3l5NL2sluyaeI2EWcmO2\n0oHMCbzza6Rrx91i7GKmYhNCthbqPWMKAdW8rdKXI+Wr55adgMy8zmZpq1kvdWQn\nymOLbB6Z6TUn50NjAICtZHOe4b5u8y4cYt1MgXacd29QoEMgty0ew/sgi6dX0Pzx\noB7FAAm76V+5ycNOlXWt1J1CczM1OuGTUWTbTIIkIeeKzlIaUG+RtPp/Ma8EurQW\n22j6IspQHLaDaWFFZewfa/NhQxh4xlxTj2u+h9WSFvaoalmbyX6SeP0DWPR3aRRE\nhaZCO/SpyzOCTTnGU/IpJJunZE8Ctq5QBWUCggEAHfEvUcMGZNoZw/uXpq5NT9Hb\nJy8ILXyfZ/1axaB5ea2yT3ZrOiTYHhV+xsUnetFXnpe0KOAbtRgsQR0fE81L15kZ\ntO/3DEoq7z1ODzazELpWpbZwoJ3XM00jmdXUaJbBjBdIkdi7GE3kDNOgqNPrBr8A\nTvqoc8vcRbJ1ea1Gerst8xmZ6756OlJTX6IYKf4gAVGw/YJ1UQwJLzFgDjsUHmIB\nVDN6fhuUWn7mr9RhGqCChAlQMdmxZDF0U4yUP+ivOYSMtVUL4HP6ul/w+HoM3VXO\nBQUMRDIOYAyoNz0uWfGIqegWQGN7Z3cMDkC/bnCWZhZFfByZCXft31L2hnPe2Q==\n-----END RSA PRIVATE KEY-----\n",
            "private_key_pem_pkcs8": "-----BEGIN PRIVATE KEY-----\nMIIJRAIBADANBgkqhkiG9w0BAQEFAASCCS4wggkqAgEAAoICAQDINU5gXJJ/qp+o\nzWc9M6j8As4aVFz2mGA9sh2VQekZmERiolO3jR66SX9rciC5FLHg1XGT7ZYL8/p/\nl01Xw9ldUWRMrnUYAcADKnQQhSQYxpeIy23Oys1ElWW/5pWIOhF4ie2WfA2vqisW\nfLkMAcahDdyGMmlRGy5wF9VI6B7IR136Y7PqEXMwG3us9vGwlgTZ/ur+IKB8z1xs\nvWptLmcN10gFAaNPJe34RInXwquDRBI4IO5Gj3rHx63jzLrVkP3hXFRe4n4scXgC\nER0h/Q2VztEdvsey3Rh8fzzH7B5stWnZv90d0d4gDZ8uJivkF2XXpGCLt6jdeS/P\ndqtUH8EiksSS5Y6cljy5+AqyKl30WFgYYECF8pAkpUgMytnuGkOBVFYaNPKA30qu\nUwTukhwDzyFOLDbWkETMTU4YIykUvt11XF6rmvh8RNlvjvMDD0blg+uzEAQwp86I\ni7zLxlQ74iDjXBDavjiTbWtr/2vKlxS4KuhG2Ni5AzuiekE+XBV0+rz1r9zOYBUy\nmAVav7GqcnYj9ZKREdw1AkJmaz2ctRMQ/1uPxuapa6NsWYtajavP/O8/ngZ4kPSL\nGF8zUHy3uOQvauP1rl/Lg+7o3SJd7FxFBcAgXBKvgtKk1ApTkgJfzLC24eGbejqx\nMR9mfLXssycN794hQXF2W4/vx1Af6QIDAQABAoICAQCY8vhcb3xP4fa1S65KODQp\nyq7PuJGIpiIoH/GvvDmrHwNnYuGYAUxvPoUEfZz4KBI4VHe/bitKGGrPnLQuj2V4\ngByi5Eh6PaQGByHCGSTZdKYBkH/kElS8x3GDKFImT05Xiu+iHkWKZPMj68amoJix\nI1jMgKiqmJxicCK13vbdRIBMMG0bLZeVMfnKyqEbqZAtRi0aVayljPjr7czneiKq\nlUPk5zpu1eg12Y6A8ax7zL4qeSXva999zlNPC3HUhD8gMpwWHOwNYeYvlglulNcT\nEnv5QG1pfLUfL0ks5nrby8AA5S20gUczr5Ri+jBfwWxBUMedFYMBJ3raAKukydmO\nCKpEMNEWY8GuZejm3Urv1hhMAO1P89YHf6N8BoAeXhmGFmHck4rJdXMwRPCzFt8t\n91SFOC96tGWpUzE3JAl9jqhs8+CWkN+HHpK73xihqiB4iusejr61znY55E0+DZ9h\nASurTI++KPF5mKsQZJ248gLMU/l+ddZwQXqbR/BWLCm2JWtccz9rAGMypWO6L48O\nzoIEzSZ/Ex24ZSos70nQf10hsmoFsap+PAfPsrA2uch9oHmRNqTH/BalvU77jNpt\nLRYiwC1Zl1nbOwM5UUCLHBkuKS0Ad7P55dKpvjP7S28iWY256If4nJm12vFytxF2\nk+ijzvuJslynIJ6bL62f8QKCAQEA7yNBVxBycEPDOSTts4DpdnnMzeSTVAAakckd\nvUmRrJy6x+RIdXFJByDVvxqISMI+pczl6+ihvw04eD5j/jaOmZtvpdKdr4J63pJ1\nXfe0Srck1CHSHVX+LFsGFZOjOW5+gXGhDmszqAeoNlOz00u0U8K2uoN8wUYgJ3DI\nt+Jm+AvJCnuPPZC2LpyiQUWQUU9APHYTrwk+nj+Rx8NuFjZozwT+b7wfE3/jYA/v\nQ7JL1VzpIw5NvEIFB7dVzJiPaPSRvmAI8O2GflFhLhc/b66v3ghpRB8TjLd7wDlx\nHvOhIqP27NT2rICq6/e/U75899Wz+ctoWERswUu2hVRMKQ95BQKCAQEA1lNSxzoW\nThRmdGmq2LBwmmVk8SfDeGSh02xNnujW8s8Cjpem13FSRJbubPVtr/xK24FO3vu9\n9SfR9n+iSGYRYYQ1eoLG4BVu9/ontE9wzqoXmmRMaBZS2korAjl87FJoAsc3gM8c\njCsrOyjKusgWOTKWtVXPj7tuI31aE3eK3BcJK8UZp3L373WNUGGjr/mC/IJHTrdH\nJK+1AJy6YkxMPH/v2Fac9OkAOux0I8/1hwlsFaaAzwR65QMC3s+hQGSy4QU82Ed9\nOEAaGwdXGnn2TS1J4vs45FaeI+YXMng2YgA2E7CjtiykQ72nJJppSfN205JuOU1N\nCqkuKr6T35LwlQKCAQEAiXFm5YZzb6jStK5P3EK0bD63AoNkVfw1SSMhb6CwFFiE\nVc0UBEQXJ/ysPUkfmUnjPeIVJ9Ct3iPYF+wsBnkO3qRiuBjkPnKs8e2VfWuX+PVo\nOnAx1mCNVKsARTh0sNab6QQJAEOHDgVQneDf0wqI2zdnVK2r713Br0l4Y4/BhMEp\nTFgVzNm2i/XEn+U+fC0ji1yGFa0ni0aYIAtn42ZkOM/y+P9TkR6I7bZa2zrHsRrU\neCyJazE6uOObcZshmb4vYg7KNMcf7MwTIa2E7UimleOZtOhzkQYIH0QkixiVvVYl\n3prMJ/tPwY3ELnqmUr9F0MUi9NBm/XXpspnvqA3XjQKCAQEArkH/CtbyrbcuejYz\n34zNcOtBwEVpS6jeXk0vayW7Jp4jYRZyY7bSgcwJvPNrpGvH3WLsYqZiE0K2Fuo9\nYwoB1byt0pcj5avnlp2AzLzOZmmrWS91ZCfKY4tsHpnpNSfnQ2MAgK1kc57hvm7z\nLhxi3UyBdpx3b1CgQyC3LR7D+yCLp1fQ/PGgHsUACbvpX7nJw06Vda3UnUJzMzU6\n4ZNRZNtMgiQh54rOUhpQb5G0+n8xrwS6tBbbaPoiylActoNpYUVl7B9r82FDGHjG\nXFOPa76H1ZIW9qhqWZvJfpJ4/QNY9HdpFESFpkI79KnLM4JNOcZT8ikkm6dkTwK2\nrlAFZQKCAQAd8S9RwwZk2hnD+5emrk1P0dsnLwgtfJ9n/VrFoHl5rbJPdms6JNge\nFX7GxSd60Veel7Qo4Bu1GCxBHR8TzUvXmRm07/cMSirvPU4PNrMQulaltnCgndcz\nTSOZ1dRolsGMF0iR2LsYTeQM06Co0+sGvwBO+qhzy9xFsnV5rUZ6uy3zGZnrvno6\nUlNfohgp/iABUbD9gnVRDAkvMWAOOxQeYgFUM3p+G5Rafuav1GEaoIKECVAx2bFk\nMXRTjJQ/6K85hIy1VQvgc/q6X/D4egzdVc4FBQxEMg5gDKg3PS5Z8Yip6BZAY3tn\ndwwOQL9ucJZmFkV8HJkJd+3fUvaGc97Z\n-----END PRIVATE KEY-----\n",
            "public_key_fingerprint_md5": "c1:e3:cd:f7:f8:71:f2:37:26:5d:1b:cd:1e:5e:6e:6e",
            "public_key_fingerprint_sha256": "SHA256:02uhPvK4dM6yQG/DX9JEI6goB7T2C3ZQ+YLyz42XeXo",
            "public_key_openssh": "ssh-rsa AAAAB3NzaC1yc2EAAAADAQABAAACAQDINU5gXJJ/qp+ozWc9M6j8As4aVFz2mGA9sh2VQekZmERiolO3jR66SX9rciC5FLHg1XGT7ZYL8/p/l01Xw9ldUWRMrnUYAcADKnQQhSQYxpeIy23Oys1ElWW/5pWIOhF4ie2WfA2vqisWfLkMAcahDdyGMmlRGy5wF9VI6B7IR136Y7PqEXMwG3us9vGwlgTZ/ur+IKB8z1xsvWptLmcN10gFAaNPJe34RInXwquDRBI4IO5Gj3rHx63jzLrVkP3hXFRe4n4scXgCER0h/Q2VztEdvsey3Rh8fzzH7B5stWnZv90d0d4gDZ8uJivkF2XXpGCLt6jdeS/PdqtUH8EiksSS5Y6cljy5+AqyKl30WFgYYECF8pAkpUgMytnuGkOBVFYaNPKA30quUwTukhwDzyFOLDbWkETMTU4YIykUvt11XF6rmvh8RNlvjvMDD0blg+uzEAQwp86Ii7zLxlQ74iDjXBDavjiTbWtr/2vKlxS4KuhG2Ni5AzuiekE+XBV0+rz1r9zOYBUymAVav7GqcnYj9ZKREdw1AkJmaz2ctRMQ/1uPxuapa6NsWYtajavP/O8/ngZ4kPSLGF8zUHy3uOQvauP1rl/Lg+7o3SJd7FxFBcAgXBKvgtKk1ApTkgJfzLC24eGbejqxMR9mfLXssycN794hQXF2W4/vx1Af6Q==\n",
            "public_key_pem": "-----BEGIN PUBLIC KEY-----\nMIICIjANBgkqhkiG9w0BAQEFAAOCAg8AMIICCgKCAgEAyDVOYFySf6qfqM1nPTOo\n/ALOGlRc9phgPbIdlUHpGZhEYqJTt40eukl/a3IguRSx4NVxk+2WC/P6f5dNV8PZ\nXVFkTK51GAHAAyp0EIUkGMaXiMttzsrNRJVlv+aViDoReIntlnwNr6orFny5DAHG\noQ3chjJpURsucBfVSOgeyEdd+mOz6hFzMBt7rPbxsJYE2f7q/iCgfM9cbL1qbS5n\nDddIBQGjTyXt+ESJ18Krg0QSOCDuRo96x8et48y61ZD94VxUXuJ+LHF4AhEdIf0N\nlc7RHb7Hst0YfH88x+webLVp2b/dHdHeIA2fLiYr5Bdl16Rgi7eo3Xkvz3arVB/B\nIpLEkuWOnJY8ufgKsipd9FhYGGBAhfKQJKVIDMrZ7hpDgVRWGjTygN9KrlME7pIc\nA88hTiw21pBEzE1OGCMpFL7ddVxeq5r4fETZb47zAw9G5YPrsxAEMKfOiIu8y8ZU\nO+Ig41wQ2r44k21ra/9rypcUuCroRtjYuQM7onpBPlwVdPq89a/czmAVMpgFWr+x\nqnJ2I/WSkRHcNQJCZms9nLUTEP9bj8bmqWujbFmLWo2rz/zvP54GeJD0ixhfM1B8\nt7jkL2rj9a5fy4Pu6N0iXexcRQXAIFwSr4LSpNQKU5ICX8ywtuHhm3o6sTEfZny1\n7LMnDe/eIUFxdluP78dQH+kCAwEAAQ==\n-----END PUBLIC KEY-----\n",
            "rsa_bits": 4096
          },
          "sensitive_attributes": []
        }
      ]
    }
  ],
  "check_results": null
}
