{
  "version": 4,
  "terraform_version": "1.7.5",
  "serial": 63,
  "lineage": "6af460de-62ac-6495-5a77-da0bf05f448f",
  "outputs": {
    "private": {
      "value": "-----BEGIN RSA PRIVATE KEY-----\nMIIJKQIBAAKCAgEA6kesJRuOpZcPMcvmAksoesqt+PcQiHXhJIz7fQOTXlGBwts7\nvjKzgBh66U34pqsE3najZRFfEvtVdxfeb0q5zivW1yHWTwkRoAVPuI6ZsBfCIDCT\nkgGNVP52R9pHIpY3VBpe75R7rMJd0st6/aunBEgzjm+al7GC11/gG52Xy7xw+M+J\nGa4SJk3veK275UEzWsBgD26ana6z2LsZtG7m8soXPoAMvxt5/bP96apou1oU1of7\neHz8EFArVMjQtypQAvKx5rU0aXD/YSlepR4q0entid8HL8viKfc1sCusyyukQnKD\nIkMQXKs7v4PXKkUhic3pPZ9BmCWZpwDAjp+FEgaWuC0+Cee2ailjVpY5/MTtJdur\nT8w6xjwcurGi4Zr+Jm1wVWqLVPeJVa9p9fWwPNIXbwIMfceQB/anvxg8zABVx2Na\nvRDm9tZ3sJ4Oh19gRmHBfQru/2kH3YYkmIqIwgef5D8jL85gv5que8ntxQU4ytvh\nXSdSdYPoQK+PalFSNnJslPWad6xVlDGDToI80/qRu+MkFIMjEYiAfGN71S1kN/np\nHTT02aJAjDY8Qxs2SC2d/x+Q36ayVemB8vAeaozis0bkWSkl88i+B0l3CSc0tBAU\n2qOIKrj7/wezHwZV4WmDHxUQhMgtrKa/wpZe4lyyrWR5d5IO4rdlD0rCy00CAwEA\nAQKCAgEA2eHqUWB9m7cPZIpy0XNApGJWxhJQh/jJeIq9YRiwN6mp+qSVvV+93MXn\nmY7wT2EB2DuR3m73ctnYNDg4oFxozTusRMutWjfe8mm+KLBGcqTF39YNiF51KLS3\nID/6pEn8DvWvkTUQiC0DwQWIzt6TJ8JWYIOezLFENDVwYX6BK/OHRX8NzJo9Ou6E\nZkF9W8r1jdMYA4Ijvb46eLgZQdtaYjZcw72nHRzaqX56CJR5brRqaNJypy3l5u4I\nPoO8yHxLiVJY7W1c3ys99wjYgsu5mxvp1K1dK7B8F/dXMQ6NVy6xRzLkjjq8vtJp\ncMWWmDNO67Ba2PqBsJRXgB+M9ZeZ0tBODZvkGSXVL/Tlb91fEbKmdvBAjDfzuGJi\nbKS9CbVbXz5ciNCnB7Lzj1JtAekzATaxfdWw7JCW3KEO54aInVOcYRtKsxeF1emD\nmphpBUCFnETgJfYaVoBYDbhPAe4mYvNFw4lPygSx+4cDdtab2OTfjRbEmUY3hzTx\nygrk6QEaeN36o/Zs5rvqg6/yIz4wpDP4lMHZA0dPyakvSnse5BMRJg4FxtLxIxiA\n85Scc0ZNq6+4ZfnLiwEYrAwAUWu8F2dEc+IpKDuzD/jF6cNzJCREGlrcVC12HAG1\nz9plZAZa/kaA+88GK5B/51cvVQ8RgP8cXng7qCvI3WIT/AkRuCkCggEBAPJ/tPkm\nelGMBp63tqhgmMqu8pvpGiIy8dQ/E3ql2rhUj0cajW+NQ7NQ4fjf3jSM7BUl2ZYP\n6hCD7SG9pzI0Ngjvi/+UVnGsdzoUiZqfJkVh7I9gHHFQ6mm/TPNbt9lemhyxNhFM\npLtLcCm+M9mUgm2FN49JZhbVJvpTNIjgk7AeuRxveSGqBQNKxGxUR/2Gbg0p1E42\njyRme0oPU6VORVrjxmKNujb/WKGkR/taU5yDjaz+IWLt/9Y9fsvrhvQqYJ77P45e\ns+fDL1ybVsYtXVz+O3OReVPIbR65jh/fwVhZzHcyXQwYhKTiWio0mmm5thruzG30\n3aar5TrCQTdJWWcCggEBAPdS0r4ChaheIJlfn66dsX0Pg00Zuw0HWXdreuGiTS18\n8K566gFTsuwnkxjDWRdhWZ5UdjOENSeSdFzb4KbnjENZEvXZYCcd4YT6RhpcdpMf\nZyA5dsAse1oyqArY9pyu729xzDbP/ERVmNsZCBiXfemlEXQ4IkwnVPQLNfLBrB+8\nywdUgYaz+BRM/9w1sLl3j+JqOnuX6JOaljB+VQ+wYizRIe81VGOlJ5UYK8dLPhXQ\n61pYBPlWygVp1ucZ/XxuEMljc+2f4vGeh1GxFvDTAn3+3ePc2yaYNf8ws42KxuUR\n3Hkm+TEJ1PuJpz/oPWzwX1HlfYAj2DXTdzZJLnCxoSsCggEBAKj0O0W//kcktVQO\nEbBcpPfKTnQ8Q54COqUzUUIJnksBd1YF9Pb8yGd9+gMpDqs0aCQP2/qGmgDpueTh\nO0VqRR+SrsriMhw/Gk6YEottSP/cSzJVt1toEfqdc2K2y3AiTmOhQFdrO/bWh449\n2+hDZWAjCePGMt/DoMWWBSs8tQlnTne2XwIKcDWr+RC04/eKmtCHDUl1D+Q/lrSx\n2wh4cS/zNLxjnJNG8xyj1hcVBt4sdiBKaz5/Ldm5vMcdEUi64djCmrR53QSj5DK0\ndA/deYgaBZfuikbKhOR8Sb6BajdBUYjWySdtSbWLk2CGh/MTlgJL0JjnmyrN5wc6\nYq+/Zg8CggEAJgNz4sKOeo9lIU3CRFt2gUtWGg6fYmRDywgZDf8dL6WpdJftyaBs\nusFmaYL0+ZP760r+E/L5HIj1G6SsBdtHAr75HBJ6JekA1aiGB904WGqWNiy+5NCx\ncO6iR3CLjw+QO6fZBH+5PWOOp/ZT+TunnbbCVQOfuea9tvjWJObBpuskpY7Gjcax\nlaU0GkuiSw9mbR14ubBijfVPqkpwloW8wTivp42h1+L1j4P0jqAw/bdrxSoMMaq2\nSFi5MDIddPeR2vJPSjGt9wcvs02twfwcwPLgdfpnMKpqejupDVNMOL8jDPgBixkA\nxFym+Tqf3lOfwv2r6XsY60UCaLScz7NtmwKCAQBYFsnOD83uWhgzELmUgAtGRv2w\n3Tfn7n0mF1EccsEcqrA3VHiUbwDNRu+QcrOx2UbOKOf71l+7F/2b5akMG6XcrYc/\nv9d0cuX6u9OVkqV/683/i81jXTGd6FJCRj2TsihOOl2N93XK5+zIiXTl6+FaQkbU\n2PrjD2e6sPmsT/LlLtnuPnt4MaBMeZge/EtSKj6lRqb7Ocy7bnDGqHidgff9S6Sg\ncwWPHkZQms21ILJptftuD9NXvAvN8d54aI7TRQxTdO+McLTD8JdZTd6z6dCkUXIf\nCnoB1jk7rM3wvR9TbK2U3x56xMA30jEkIeL7hP7PqM5HAnvS+c72cX39lSs4\n-----END RSA PRIVATE KEY-----\n",
      "type": "string",
      "sensitive": true
    }
  },
  "resources": [
    {
      "mode": "data",
      "type": "aws_acm_certificate",
      "name": "cert",
      "provider": "provider[\"registry.terraform.io/hashicorp/aws\"]",
      "instances": [
        {
          "schema_version": 0,
          "attributes": {
            "arn": "arn:aws:acm:us-east-1:939772703763:certificate/6d438058-41b4-4892-a2ba-dead4b9cadad",
            "certificate": "-----BEGIN CERTIFICATE-----\nMIIF4TCCBMmgAwIBAgIQD5PmyM11MUIZV3pSAvKICDANBgkqhkiG9w0BAQsFADA8\nMQswCQYDVQQGEwJVUzEPMA0GA1UEChMGQW1hem9uMRwwGgYDVQQDExNBbWF6b24g\nUlNBIDIwNDggTTAyMB4XDTIzMTAxNjAwMDAwMFoXDTI0MTExMzIzNTk1OVowGzEZ\nMBcGA1UEAxMQeWFzaW5oYXN0dXJrLmNvbTCCASIwDQYJKoZIhvcNAQEBBQADggEP\nADCCAQoCggEBAJXCULeDBF7KrJxMCQ7Y31QBfgX5fszCW853bJ9Fx4LGXYba7Xp8\neRF/RTRkhM6Db+gbVjeumBp+OpKL0ybkO4lAnYpEqqut5KY2XJc9TY9B6eAez5CN\nmEK/wngxUwo+z2jNT1qr4Up8mYaCDSxeAG+A8pTNXdocSrSF4HnyqlovbPNphy0i\nH4KHY58WPnXCVnBCayh2mMNM8gnLH2ZTo0+sj1PW1NH0GpFTMEnvRkvzSJwDE9hY\nlkQTZNJmPtDm4XI+rsYyvE4jMkBode49DCYF91f5Ifg1GHGOX+ezuq24kh8LqQVU\nO9MeSdc6FwyHtl0hJPqUKsuSiN7W7Yy9Q8MCAwEAAaOCAv4wggL6MB8GA1UdIwQY\nMBaAFMAxUs1aUMOCfHRxzsvpnPl664LiMB0GA1UdDgQWBBSp8u0BSUUhridPnhnu\nWGZoODySQjAvBgNVHREEKDAmghB5YXNpbmhhc3R1cmsuY29tghIqLnlhc2luaGFz\ndHVyay5jb20wEwYDVR0gBAwwCjAIBgZngQwBAgEwDgYDVR0PAQH/BAQDAgWgMB0G\nA1UdJQQWMBQGCCsGAQUFBwMBBggrBgEFBQcDAjA7BgNVHR8ENDAyMDCgLqAshipo\ndHRwOi8vY3JsLnIybTAyLmFtYXpvbnRydXN0LmNvbS9yMm0wMi5jcmwwdQYIKwYB\nBQUHAQEEaTBnMC0GCCsGAQUFBzABhiFodHRwOi8vb2NzcC5yMm0wMi5hbWF6b250\ncnVzdC5jb20wNgYIKwYBBQUHMAKGKmh0dHA6Ly9jcnQucjJtMDIuYW1hem9udHJ1\nc3QuY29tL3IybTAyLmNlcjAMBgNVHRMBAf8EAjAAMIIBfwYKKwYBBAHWeQIEAgSC\nAW8EggFrAWkAdgDuzdBk1dsazsVct520zROiModGfLzs3sNRSFlGcR+1mwAAAYs5\nwfj/AAAEAwBHMEUCIAljNLCNIC9I79Ix9EaDSMO6ug0vmVYNvrwon1ow05RjAiEA\n7Vjw1ORM+hX9NbdCvsOKXv/ldbnKAMU526KVJ3j2qG0AdgBIsONr2qZHNA/lagL6\nnTDrHFIBy1bdLIHZu7+rOdiEcwAAAYs5wfkjAAAEAwBHMEUCIQDg7cGTbQZcRJM+\nPXsFUigwcGIn3BKmynJbefaiLApEGQIgZEGar90vndW3/lKQTQ/dMRtBbb0Bk4Lm\n8wBHDnoD/pYAdwDatr9rP7W2Ip+bwrtca+hwkXFsu1GEhTS9pD0wSNf7qwAAAYs5\nwfkRAAAEAwBIMEYCIQCDlXa9IaWTblOIhOzO0dHfDLDwccRMB2jh3p3dabBiLAIh\nAPNlm/YKn2JklkEGoa71ecGHUToXNKBQm+tJiNSD1hAjMA0GCSqGSIb3DQEBCwUA\nA4IBAQCSKPYgFv35RKqYAEG0s/NJI5sSfgAIbQgZi4JnKr32PzOSGfXvNQDDYLJJ\nqbAY2nWVIlFFjwn1rHKk2cH7jGQQHalIL8Wm5P0BrD7dIDLyYKadnDe0ImaYRNMR\nbjxQRpmF9p3z4govE7Ow37iKZcnryvvcJUa3wdb5CSeyZ8eSyk2K4mwxoCiQ2J2V\n40u4PPv06Mi6b8R2J93L6mfv/Nvenotwi7TrIPVZRZcF8XUTUKyS4k1DGx4HBtC2\nWcm/v2yS8EJil6ofW2bL/YeQtPV66bhPvNuiYanrG0vnxXzSqN8WNg0DaJUl1jbi\nZHbbQH364OQYNdI4IUTlVtDD7Nvn\n-----END CERTIFICATE-----\n",
            "certificate_chain": "-----BEGIN CERTIFICATE-----\nMIIEXjCCA0agAwIBAgITB3MSSkvL1E7HtTvq8ZSELToPoTANBgkqhkiG9w0BAQsF\nADA5MQswCQYDVQQGEwJVUzEPMA0GA1UEChMGQW1hem9uMRkwFwYDVQQDExBBbWF6\nb24gUm9vdCBDQSAxMB4XDTIyMDgyMzIyMjUzMFoXDTMwMDgyMzIyMjUzMFowPDEL\nMAkGA1UEBhMCVVMxDzANBgNVBAoTBkFtYXpvbjEcMBoGA1UEAxMTQW1hem9uIFJT\nQSAyMDQ4IE0wMjCCASIwDQYJKoZIhvcNAQEBBQADggEPADCCAQoCggEBALtDGMZa\nqHneKei1by6+pUPPLljTB143Si6VpEWPc6mSkFhZb/6qrkZyoHlQLbDYnI2D7hD0\nsdzEqfnuAjIsuXQLG3A8TvX6V3oFNBFVe8NlLJHvBseKY88saLwufxkZVwk74g4n\nWlNMXzla9Y5F3wwRHwMVH443xGz6UtGSZSqQ94eFx5X7Tlqt8whi8qCaKdZ5rNak\n+r9nUThOeClqFd4oXych//Rc7Y0eX1KNWHYSI1Nk31mYgiK3JvH063g+K9tHA63Z\neTgKgndlh+WI+zv7i44HepRZjA1FYwYZ9Vv/9UkC5Yz8/yU65fgjaE+wVHM4e/Yy\nC2osrPWE7gJ+dXMCAwEAAaOCAVowggFWMBIGA1UdEwEB/wQIMAYBAf8CAQAwDgYD\nVR0PAQH/BAQDAgGGMB0GA1UdJQQWMBQGCCsGAQUFBwMBBggrBgEFBQcDAjAdBgNV\nHQ4EFgQUwDFSzVpQw4J8dHHOy+mc+XrrguIwHwYDVR0jBBgwFoAUhBjMhTTsvAyU\nlC4IWZzHshBOCggwewYIKwYBBQUHAQEEbzBtMC8GCCsGAQUFBzABhiNodHRwOi8v\nb2NzcC5yb290Y2ExLmFtYXpvbnRydXN0LmNvbTA6BggrBgEFBQcwAoYuaHR0cDov\nL2NydC5yb290Y2ExLmFtYXpvbnRydXN0LmNvbS9yb290Y2ExLmNlcjA/BgNVHR8E\nODA2MDSgMqAwhi5odHRwOi8vY3JsLnJvb3RjYTEuYW1hem9udHJ1c3QuY29tL3Jv\nb3RjYTEuY3JsMBMGA1UdIAQMMAowCAYGZ4EMAQIBMA0GCSqGSIb3DQEBCwUAA4IB\nAQAtTi6Fs0Azfi+iwm7jrz+CSxHH+uHl7Law3MQSXVtR8RV53PtR6r/6gNpqlzdo\nZq4FKbADi1v9Bun8RY8D51uedRfjsbeodizeBB8nXmeyD33Ep7VATj4ozcd31YFV\nfgRhvTSxNrrTlNpWkUk0m3BMPv8sg381HhA6uEYokE5q9uws/3YkKqRiEz3TsaWm\nJqIRZhMbgAfp7O7FUwFIb7UIspogZSKxPIWJpxiPo3TcBambbVtQOcNRWz5qCQdD\nslI2yayq0n2TXoHyNCLEH8rpsJRVILFsg0jc7BaFrMnF462+ajSehgj12IidNeRN\n4zl+EoNaWdpnWndvSpAEkq2P\n-----END CERTIFICATE-----\n-----BEGIN CERTIFICATE-----\nMIIEkjCCA3qgAwIBAgITBn+USionzfP6wq4rAfkI7rnExjANBgkqhkiG9w0BAQsF\nADCBmDELMAkGA1UEBhMCVVMxEDAOBgNVBAgTB0FyaXpvbmExEzARBgNVBAcTClNj\nb3R0c2RhbGUxJTAjBgNVBAoTHFN0YXJmaWVsZCBUZWNobm9sb2dpZXMsIEluYy4x\nOzA5BgNVBAMTMlN0YXJmaWVsZCBTZXJ2aWNlcyBSb290IENlcnRpZmljYXRlIEF1\ndGhvcml0eSAtIEcyMB4XDTE1MDUyNTEyMDAwMFoXDTM3MTIzMTAxMDAwMFowOTEL\nMAkGA1UEBhMCVVMxDzANBgNVBAoTBkFtYXpvbjEZMBcGA1UEAxMQQW1hem9uIFJv\nb3QgQ0EgMTCCASIwDQYJKoZIhvcNAQEBBQADggEPADCCAQoCggEBALJ4gHHKeNXj\nca9HgFB0fW7Y14h29Jlo91ghYPl0hAEvrAIthtOgQ3pOsqTQNroBvo3bSMgHFzZM\n9O6II8c+6zf1tRn4SWiw3te5djgdYZ6k/oI2peVKVuRF4fn9tBb6dNqcmzU5L/qw\nIFAGbHrQgLKm+a/sRxmPUDgH3KKHOVj4utWp+UhnMJbulHheb4mjUcAwhmahRWa6\nVOujw5H5SNz/0egwLX0tdHA114gk957EWW67c4cX8jJGKLhD+rcdqsq08p8kDi1L\n93FcXmn/6pUCyziKrlA4b9v7LWIbxcceVOF34GfID5yHI9Y/QCB/IIDEgEw+OyQm\njgSubJrIqg0CAwEAAaOCATEwggEtMA8GA1UdEwEB/wQFMAMBAf8wDgYDVR0PAQH/\nBAQDAgGGMB0GA1UdDgQWBBSEGMyFNOy8DJSULghZnMeyEE4KCDAfBgNVHSMEGDAW\ngBScXwDfqgHXMCs4iKK4bUqc8hGRgzB4BggrBgEFBQcBAQRsMGowLgYIKwYBBQUH\nMAGGImh0dHA6Ly9vY3NwLnJvb3RnMi5hbWF6b250cnVzdC5jb20wOAYIKwYBBQUH\nMAKGLGh0dHA6Ly9jcnQucm9vdGcyLmFtYXpvbnRydXN0LmNvbS9yb290ZzIuY2Vy\nMD0GA1UdHwQ2MDQwMqAwoC6GLGh0dHA6Ly9jcmwucm9vdGcyLmFtYXpvbnRydXN0\nLmNvbS9yb290ZzIuY3JsMBEGA1UdIAQKMAgwBgYEVR0gADANBgkqhkiG9w0BAQsF\nAAOCAQEAYjdCXLwQtT6LLOkMm2xF4gcAevnFWAu5CIw+7bMlPLVvUOTNNWqnkzSW\nMiGpSESrnO09tKpzbeR/FoCJbM8oAxiDR3mjEH4wW6w7sGDgd9QIpuEdfF7Au/ma\neyKdpwAJfqxGF4PcnCZXmTA5YpaP7dreqsXMGz7KQ2hsVxa81Q4gLv7/wmpdLqBK\nbRRYh5TmOTFffHPLkIhqhBGWJ6bt2YFGpn6jcgAKUj6DiAdjd4lpFw85hdKrCEVN\n0FE6/V1dN2RMfjCyVSRCnTawXZwXgWHxyvkQAiSr6w10kY17RSlQOYiypok1JR4U\nakcjMS9cmvqtmg5iUaQqqcT5NJ0hGA==\n-----END CERTIFICATE-----\n-----BEGIN CERTIFICATE-----\nMIIEdTCCA12gAwIBAgIJAKcOSkw0grd/MA0GCSqGSIb3DQEBCwUAMGgxCzAJBgNV\nBAYTAlVTMSUwIwYDVQQKExxTdGFyZmllbGQgVGVjaG5vbG9naWVzLCBJbmMuMTIw\nMAYDVQQLEylTdGFyZmllbGQgQ2xhc3MgMiBDZXJ0aWZpY2F0aW9uIEF1dGhvcml0\neTAeFw0wOTA5MDIwMDAwMDBaFw0zNDA2MjgxNzM5MTZaMIGYMQswCQYDVQQGEwJV\nUzEQMA4GA1UECBMHQXJpem9uYTETMBEGA1UEBxMKU2NvdHRzZGFsZTElMCMGA1UE\nChMcU3RhcmZpZWxkIFRlY2hub2xvZ2llcywgSW5jLjE7MDkGA1UEAxMyU3RhcmZp\nZWxkIFNlcnZpY2VzIFJvb3QgQ2VydGlmaWNhdGUgQXV0aG9yaXR5IC0gRzIwggEi\nMA0GCSqGSIb3DQEBAQUAA4IBDwAwggEKAoIBAQDVDDrEKvlO4vW+GZdfjohTsR8/\ny8+fIBNtKTrID30892t2OGPZNmCom15cAICyL1l/9of5JUOG52kbUpqQ4XHj2C0N\nTm/2yEnZtvMaVq4rtnQU68/7JuMauh2WLmo7WJSJR1b/JaCTcFOD2oR0FMNnngRo\nOt+OQFodSk7PQ5E751bWAHDLUu57fa4657wx+UX2wmDPE1kCK4DMNEffud6QZW0C\nzyyRpqbn3oUYSXxmTqM6bam17jQuug0DuDPfR+uxa40l2ZvOgdFFRjKWcIfeAg5J\nQ4W2bHO7ZOphQazJ1FTfhy/HIrImzJ9ZVGif/L4qL8RVHHVAYBeFAlU5i38FAgMB\nAAGjgfAwge0wDwYDVR0TAQH/BAUwAwEB/zAOBgNVHQ8BAf8EBAMCAYYwHQYDVR0O\nBBYEFJxfAN+qAdcwKziIorhtSpzyEZGDMB8GA1UdIwQYMBaAFL9ft9HO3R+G9FtV\nrNzXEMIOqYjnME8GCCsGAQUFBwEBBEMwQTAcBggrBgEFBQcwAYYQaHR0cDovL28u\nc3MyLnVzLzAhBggrBgEFBQcwAoYVaHR0cDovL3guc3MyLnVzL3guY2VyMCYGA1Ud\nHwQfMB0wG6AZoBeGFWh0dHA6Ly9zLnNzMi51cy9yLmNybDARBgNVHSAECjAIMAYG\nBFUdIAAwDQYJKoZIhvcNAQELBQADggEBACMd44pXyn3pF3lM8R5V/cxTbj5HD9/G\nVfKyBDbtgB9TxF00KGu+x1X8Z+rLP3+QsjPNG1gQggL4+C/1E2DUBc7xgQjB3ad1\nl08YuW3e95ORCLp+QCztweq7dp4zBncdDQh/U90bZKuCJ/Fp1U1ervShw3WnWEQt\n8jxwmKy6abaVd38PMV4s/KCHOkdp8Hlf9BRUpJVeEXgSYCfOn8J3/yNTd126/+pZ\n59vPr5KW7ySaNRB6nJHGDn2Z9j8Z3/VyVOEVqQdZe4O/Ui5GjLIAZHYcSNPYeehu\nVsyuLAOQ1xk4meTKCRlb/weWsKh/NEnfVqn3sF/tM+2MR7cwA130A4w=\n-----END CERTIFICATE-----\n",
            "domain": "yasinhasturk.com",
            "id": "arn:aws:acm:us-east-1:939772703763:certificate/6d438058-41b4-4892-a2ba-dead4b9cadad",
            "key_types": null,
            "most_recent": true,
            "status": "ISSUED",
            "statuses": [
              "ISSUED"
            ],
            "tags": {},
            "types": null
          },
          "sensitive_attributes": []
        }
      ]
    },
    {
      "mode": "data",
      "type": "aws_route53_zone",
      "name": "dns",
      "provider": "provider[\"registry.terraform.io/hashicorp/aws\"]",
      "instances": [
        {
          "schema_version": 0,
          "attributes": {
            "arn": "arn:aws:route53:::hostedzone/Z09970343P9FDCGNVKTS6",
            "caller_reference": "RISWorkflow-RD:92f05b86-d018-4109-99e3-c8eee24b1310",
            "comment": "HostedZone created by Route53 Registrar",
            "id": "Z09970343P9FDCGNVKTS6",
            "linked_service_description": null,
            "linked_service_principal": null,
            "name": "yasinhasturk.com",
            "name_servers": [
              "ns-352.awsdns-44.com",
              "ns-935.awsdns-52.net",
              "ns-1888.awsdns-44.co.uk",
              "ns-1154.awsdns-16.org"
            ],
            "primary_name_server": "ns-352.awsdns-44.com",
            "private_zone": false,
            "resource_record_set_count": 4,
            "tags": {},
            "vpc_id": null,
            "zone_id": "Z09970343P9FDCGNVKTS6"
          },
          "sensitive_attributes": []
        }
      ]
    },
    {
      "mode": "data",
      "type": "aws_vpc",
      "name": "selected",
      "provider": "provider[\"registry.terraform.io/hashicorp/aws\"]",
      "instances": [
        {
          "schema_version": 0,
          "attributes": {
            "arn": "arn:aws:ec2:us-east-1:939772703763:vpc/vpc-07d3a7cae8b930906",
            "cidr_block": "172.31.0.0/16",
            "cidr_block_associations": [
              {
                "association_id": "vpc-cidr-assoc-0b223f35a7a251e6e",
                "cidr_block": "172.31.0.0/16",
                "state": "associated"
              }
            ],
            "default": true,
            "dhcp_options_id": "dopt-0e7f93f0db2c3454a",
            "enable_dns_hostnames": true,
            "enable_dns_support": true,
            "enable_network_address_usage_metrics": false,
            "filter": null,
            "id": "vpc-07d3a7cae8b930906",
            "instance_tenancy": "default",
            "ipv6_association_id": "",
            "ipv6_cidr_block": "",
            "main_route_table_id": "rtb-074f2a8962c64349e",
            "owner_id": "939772703763",
            "state": null,
            "tags": {
              "Name": "aws-default-vpc"
            },
            "timeouts": null
          },
          "sensitive_attributes": []
        }
      ]
    },
    {
      "mode": "managed",
      "type": "aws_alb_listener",
      "name": "rancher-listener1",
      "provider": "provider[\"registry.terraform.io/hashicorp/aws\"]",
      "instances": [
        {
          "schema_version": 0,
          "attributes": {
            "alpn_policy": null,
            "arn": "arn:aws:elasticloadbalancing:us-east-1:939772703763:listener/app/petclinic-rancher-alb-oliver/639c826f44b63d39/d2ea903a97115266",
            "certificate_arn": "arn:aws:acm:us-east-1:939772703763:certificate/6d438058-41b4-4892-a2ba-dead4b9cadad",
            "default_action": [
              {
                "authenticate_cognito": [],
                "authenticate_oidc": [],
                "fixed_response": [],
                "forward": [],
                "order": 1,
                "redirect": [],
                "target_group_arn": "arn:aws:elasticloadbalancing:us-east-1:939772703763:targetgroup/clarus-rancher-http-80-tg-oliver/ad699cc09c7dff71",
                "type": "forward"
              }
            ],
            "id": "arn:aws:elasticloadbalancing:us-east-1:939772703763:listener/app/petclinic-rancher-alb-oliver/639c826f44b63d39/d2ea903a97115266",
            "load_balancer_arn": "arn:aws:elasticloadbalancing:us-east-1:939772703763:loadbalancer/app/petclinic-rancher-alb-oliver/639c826f44b63d39",
            "mutual_authentication": [
              {
                "ignore_client_certificate_expiry": false,
                "mode": "off",
                "trust_store_arn": ""
              }
            ],
            "port": 443,
            "protocol": "HTTPS",
            "ssl_policy": "ELBSecurityPolicy-2016-08",
            "tags": {},
            "tags_all": {},
            "timeouts": null
          },
          "sensitive_attributes": [],
          "private": "eyJlMmJmYjczMC1lY2FhLTExZTYtOGY4OC0zNDM2M2JjN2M0YzAiOnsiY3JlYXRlIjozMDAwMDAwMDAwMDAsInVwZGF0ZSI6MzAwMDAwMDAwMDAwfX0=",
          "dependencies": [
            "aws_alb_target_group.rancher-tg",
            "aws_lb.rancher-alb",
            "aws_security_group.rancher-alb",
            "data.aws_acm_certificate.cert"
          ]
        }
      ]
    },
    {
      "mode": "managed",
      "type": "aws_alb_listener",
      "name": "rancher-listener2",
      "provider": "provider[\"registry.terraform.io/hashicorp/aws\"]",
      "instances": [
        {
          "schema_version": 0,
          "attributes": {
            "alpn_policy": null,
            "arn": "arn:aws:elasticloadbalancing:us-east-1:939772703763:listener/app/petclinic-rancher-alb-oliver/639c826f44b63d39/776a2b2dc43fd37a",
            "certificate_arn": null,
            "default_action": [
              {
                "authenticate_cognito": [],
                "authenticate_oidc": [],
                "fixed_response": [],
                "forward": [],
                "order": 1,
                "redirect": [
                  {
                    "host": "#{host}",
                    "path": "/#{path}",
                    "port": "443",
                    "protocol": "HTTPS",
                    "query": "#{query}",
                    "status_code": "HTTP_301"
                  }
                ],
                "target_group_arn": "",
                "type": "redirect"
              }
            ],
            "id": "arn:aws:elasticloadbalancing:us-east-1:939772703763:listener/app/petclinic-rancher-alb-oliver/639c826f44b63d39/776a2b2dc43fd37a",
            "load_balancer_arn": "arn:aws:elasticloadbalancing:us-east-1:939772703763:loadbalancer/app/petclinic-rancher-alb-oliver/639c826f44b63d39",
            "mutual_authentication": [],
            "port": 80,
            "protocol": "HTTP",
            "ssl_policy": "",
            "tags": {},
            "tags_all": {},
            "timeouts": null
          },
          "sensitive_attributes": [],
          "private": "eyJlMmJmYjczMC1lY2FhLTExZTYtOGY4OC0zNDM2M2JjN2M0YzAiOnsiY3JlYXRlIjozMDAwMDAwMDAwMDAsInVwZGF0ZSI6MzAwMDAwMDAwMDAwfX0=",
          "dependencies": [
            "aws_lb.rancher-alb",
            "aws_security_group.rancher-alb"
          ]
        }
      ]
    },
    {
      "mode": "managed",
      "type": "aws_alb_target_group",
      "name": "rancher-tg",
      "provider": "provider[\"registry.terraform.io/hashicorp/aws\"]",
      "instances": [
        {
          "schema_version": 0,
          "attributes": {
            "arn": "arn:aws:elasticloadbalancing:us-east-1:939772703763:targetgroup/clarus-rancher-http-80-tg-oliver/ad699cc09c7dff71",
            "arn_suffix": "targetgroup/clarus-rancher-http-80-tg-oliver/ad699cc09c7dff71",
            "connection_termination": null,
            "deregistration_delay": "300",
            "health_check": [
              {
                "enabled": true,
                "healthy_threshold": 3,
                "interval": 10,
                "matcher": "200",
                "path": "/healthz",
                "port": "traffic-port",
                "protocol": "HTTP",
                "timeout": 5,
                "unhealthy_threshold": 3
              }
            ],
            "id": "arn:aws:elasticloadbalancing:us-east-1:939772703763:targetgroup/clarus-rancher-http-80-tg-oliver/ad699cc09c7dff71",
            "ip_address_type": "ipv4",
            "lambda_multi_value_headers_enabled": false,
            "load_balancer_arns": [
              "arn:aws:elasticloadbalancing:us-east-1:939772703763:loadbalancer/app/petclinic-rancher-alb-oliver/639c826f44b63d39"
            ],
            "load_balancing_algorithm_type": "round_robin",
            "load_balancing_anomaly_mitigation": "off",
            "load_balancing_cross_zone_enabled": "use_load_balancer_configuration",
            "name": "clarus-rancher-http-80-tg-oliver",
            "name_prefix": "",
            "port": 80,
            "preserve_client_ip": null,
            "protocol": "HTTP",
            "protocol_version": "HTTP1",
            "proxy_protocol_v2": false,
            "slow_start": 0,
            "stickiness": [
              {
                "cookie_duration": 86400,
                "cookie_name": "",
                "enabled": false,
                "type": "lb_cookie"
              }
            ],
            "tags": {},
            "tags_all": {},
            "target_failover": [
              {
                "on_deregistration": null,
                "on_unhealthy": null
              }
            ],
            "target_health_state": [
              {
                "enable_unhealthy_connection_termination": null
              }
            ],
            "target_type": "instance",
            "vpc_id": "vpc-07d3a7cae8b930906"
          },
          "sensitive_attributes": [],
          "private": "bnVsbA=="
        }
      ]
    },
    {
      "mode": "managed",
      "type": "aws_alb_target_group_attachment",
      "name": "rancher-attach",
      "provider": "provider[\"registry.terraform.io/hashicorp/aws\"]",
      "instances": [
        {
          "schema_version": 0,
          "attributes": {
            "availability_zone": null,
            "id": "arn:aws:elasticloadbalancing:us-east-1:939772703763:targetgroup/clarus-rancher-http-80-tg-oliver/ad699cc09c7dff71-20240407104611575200000002",
            "port": null,
            "target_group_arn": "arn:aws:elasticloadbalancing:us-east-1:939772703763:targetgroup/clarus-rancher-http-80-tg-oliver/ad699cc09c7dff71",
            "target_id": "i-04f67862d80132021"
          },
          "sensitive_attributes": [],
          "private": "bnVsbA==",
          "dependencies": [
            "aws_alb_target_group.rancher-tg",
            "aws_iam_instance_profile.profile_for_rancher",
            "aws_iam_role.role_for_rancher",
            "aws_instance.tf-rancher-server",
            "aws_key_pair.generated_key",
            "aws_security_group.rancher-alb",
            "aws_security_group.tf-rancher-sec-gr",
            "tls_private_key.example"
          ]
        }
      ]
    },
    {
      "mode": "managed",
      "type": "aws_iam_instance_profile",
      "name": "profile_for_rancher",
      "provider": "provider[\"registry.terraform.io/hashicorp/aws\"]",
      "instances": [
        {
          "schema_version": 0,
          "attributes": {
            "arn": "arn:aws:iam::939772703763:instance-profile/petclinic_role_rancher-oliver",
            "create_date": "2024-04-07T10:45:49Z",
            "id": "petclinic_role_rancher-oliver",
            "name": "petclinic_role_rancher-oliver",
            "name_prefix": "",
            "path": "/",
            "role": "petclinic_role_rancher-oliver",
            "tags": {},
            "tags_all": {},
            "unique_id": "AIPA5VTWROQJ2D3XBWLTS"
          },
          "sensitive_attributes": [],
          "private": "bnVsbA==",
          "dependencies": [
            "aws_iam_role.role_for_rancher"
          ]
        }
      ]
    },
    {
      "mode": "managed",
      "type": "aws_iam_policy",
      "name": "policy_for_rke-controlplane_role",
      "provider": "provider[\"registry.terraform.io/hashicorp/aws\"]",
      "instances": [
        {
          "schema_version": 0,
          "attributes": {
            "arn": "arn:aws:iam::939772703763:policy/petclinic_policy_for_rke-controlplane_role",
            "description": "",
            "id": "arn:aws:iam::939772703763:policy/petclinic_policy_for_rke-controlplane_role",
            "name": "petclinic_policy_for_rke-controlplane_role",
            "name_prefix": "",
            "path": "/",
            "policy": "{\"Statement\":[{\"Action\":[\"autoscaling:DescribeAutoScalingGroups\",\"autoscaling:DescribeLaunchConfigurations\",\"autoscaling:DescribeTags\",\"ec2:DescribeInstances\",\"ec2:DescribeRegions\",\"ec2:DescribeRouteTables\",\"ec2:DescribeSecurityGroups\",\"ec2:DescribeSubnets\",\"ec2:DescribeVolumes\",\"ec2:CreateSecurityGroup\",\"ec2:CreateTags\",\"ec2:CreateVolume\",\"ec2:ModifyInstanceAttribute\",\"ec2:ModifyVolume\",\"ec2:AttachVolume\",\"ec2:AuthorizeSecurityGroupIngress\",\"ec2:CreateRoute\",\"ec2:DeleteRoute\",\"ec2:DeleteSecurityGroup\",\"ec2:DeleteVolume\",\"ec2:DetachVolume\",\"ec2:RevokeSecurityGroupIngress\",\"ec2:DescribeVpcs\",\"elasticloadbalancing:AddTags\",\"elasticloadbalancing:AttachLoadBalancerToSubnets\",\"elasticloadbalancing:ApplySecurityGroupsToLoadBalancer\",\"elasticloadbalancing:CreateLoadBalancer\",\"elasticloadbalancing:CreateLoadBalancerPolicy\",\"elasticloadbalancing:CreateLoadBalancerListeners\",\"elasticloadbalancing:ConfigureHealthCheck\",\"elasticloadbalancing:DeleteLoadBalancer\",\"elasticloadbalancing:DeleteLoadBalancerListeners\",\"elasticloadbalancing:DescribeLoadBalancers\",\"elasticloadbalancing:DescribeLoadBalancerAttributes\",\"elasticloadbalancing:DetachLoadBalancerFromSubnets\",\"elasticloadbalancing:DeregisterInstancesFromLoadBalancer\",\"elasticloadbalancing:ModifyLoadBalancerAttributes\",\"elasticloadbalancing:RegisterInstancesWithLoadBalancer\",\"elasticloadbalancing:SetLoadBalancerPoliciesForBackendServer\",\"elasticloadbalancing:AddTags\",\"elasticloadbalancing:CreateListener\",\"elasticloadbalancing:CreateTargetGroup\",\"elasticloadbalancing:DeleteListener\",\"elasticloadbalancing:DeleteTargetGroup\",\"elasticloadbalancing:DescribeListeners\",\"elasticloadbalancing:DescribeLoadBalancerPolicies\",\"elasticloadbalancing:DescribeTargetGroups\",\"elasticloadbalancing:DescribeTargetHealth\",\"elasticloadbalancing:ModifyListener\",\"elasticloadbalancing:ModifyTargetGroup\",\"elasticloadbalancing:RegisterTargets\",\"elasticloadbalancing:SetLoadBalancerPoliciesOfListener\",\"iam:CreateServiceLinkedRole\",\"kms:DescribeKey\"],\"Effect\":\"Allow\",\"Resource\":[\"*\"]}],\"Version\":\"2012-10-17\"}",
            "policy_id": "ANPA5VTWROQJSI5MAI2GD",
            "tags": {},
            "tags_all": {}
          },
          "sensitive_attributes": [],
          "private": "bnVsbA=="
        }
      ]
    },
    {
      "mode": "managed",
      "type": "aws_iam_policy",
      "name": "policy_for_rke_etcd_worker_role",
      "provider": "provider[\"registry.terraform.io/hashicorp/aws\"]",
      "instances": [
        {
          "schema_version": 0,
          "attributes": {
            "arn": "arn:aws:iam::939772703763:policy/petclinic_policy_for_rke_etcd_worker_role",
            "description": "",
            "id": "arn:aws:iam::939772703763:policy/petclinic_policy_for_rke_etcd_worker_role",
            "name": "petclinic_policy_for_rke_etcd_worker_role",
            "name_prefix": "",
            "path": "/",
            "policy": "{\"Statement\":[{\"Action\":[\"ec2:DescribeInstances\",\"ec2:DescribeRegions\",\"ecr:GetAuthorizationToken\",\"ecr:BatchCheckLayerAvailability\",\"ecr:GetDownloadUrlForLayer\",\"ecr:GetRepositoryPolicy\",\"ecr:DescribeRepositories\",\"ecr:ListImages\",\"ecr:BatchGetImage\"],\"Effect\":\"Allow\",\"Resource\":\"*\"}],\"Version\":\"2012-10-17\"}",
            "policy_id": "ANPA5VTWROQJWVEIFZLOZ",
            "tags": {},
            "tags_all": {}
          },
          "sensitive_attributes": [],
          "private": "bnVsbA=="
        }
      ]
    },
    {
      "mode": "managed",
      "type": "aws_iam_policy_attachment",
      "name": "attach_for_rancher1",
      "provider": "provider[\"registry.terraform.io/hashicorp/aws\"]",
      "instances": [
        {
          "schema_version": 0,
          "attributes": {
            "groups": [],
            "id": "petclinic_attachment_for_rancher_controlplane",
            "name": "petclinic_attachment_for_rancher_controlplane",
            "policy_arn": "arn:aws:iam::939772703763:policy/petclinic_policy_for_rke-controlplane_role",
            "roles": [
              "petclinic_role_rancher-oliver"
            ],
            "users": []
          },
          "sensitive_attributes": [],
          "private": "bnVsbA==",
          "dependencies": [
            "aws_iam_policy.policy_for_rke-controlplane_role",
            "aws_iam_role.role_for_rancher"
          ]
        }
      ]
    },
    {
      "mode": "managed",
      "type": "aws_iam_policy_attachment",
      "name": "attach_for_rancher2",
      "provider": "provider[\"registry.terraform.io/hashicorp/aws\"]",
      "instances": [
        {
          "schema_version": 0,
          "attributes": {
            "groups": [],
            "id": "petclinic_attachment_for_rancher_controlplane",
            "name": "petclinic_attachment_for_rancher_controlplane",
            "policy_arn": "arn:aws:iam::939772703763:policy/petclinic_policy_for_rke_etcd_worker_role",
            "roles": [
              "petclinic_role_rancher-oliver"
            ],
            "users": []
          },
          "sensitive_attributes": [],
          "private": "bnVsbA==",
          "dependencies": [
            "aws_iam_policy.policy_for_rke_etcd_worker_role",
            "aws_iam_role.role_for_rancher"
          ]
        }
      ]
    },
    {
      "mode": "managed",
      "type": "aws_iam_role",
      "name": "role_for_rancher",
      "provider": "provider[\"registry.terraform.io/hashicorp/aws\"]",
      "instances": [
        {
          "schema_version": 0,
          "attributes": {
            "arn": "arn:aws:iam::939772703763:role/petclinic_role_rancher-oliver",
            "assume_role_policy": "{\"Statement\":[{\"Action\":\"sts:AssumeRole\",\"Effect\":\"Allow\",\"Principal\":{\"Service\":\"ec2.amazonaws.com\"},\"Sid\":\"\"}],\"Version\":\"2012-10-17\"}",
            "create_date": "2024-04-07T10:45:48Z",
            "description": "",
            "force_detach_policies": false,
            "id": "petclinic_role_rancher-oliver",
            "inline_policy": [],
            "managed_policy_arns": [
              "arn:aws:iam::939772703763:policy/petclinic_policy_for_rke-controlplane_role",
              "arn:aws:iam::939772703763:policy/petclinic_policy_for_rke_etcd_worker_role"
            ],
            "max_session_duration": 3600,
            "name": "petclinic_role_rancher-oliver",
            "name_prefix": "",
            "path": "/",
            "permissions_boundary": "",
            "tags": {
              "Name": "petclinic_role_controlplane_rke"
            },
            "tags_all": {
              "Name": "petclinic_role_controlplane_rke"
            },
            "unique_id": "AROA5VTWROQJTCBQVJCDP"
          },
          "sensitive_attributes": [],
          "private": "bnVsbA=="
        }
      ]
    },
    {
      "mode": "managed",
      "type": "aws_instance",
      "name": "tf-rancher-server",
      "provider": "provider[\"registry.terraform.io/hashicorp/aws\"]",
      "instances": [
        {
          "schema_version": 1,
          "attributes": {
            "ami": "ami-07d9b9ddc6cd8dd30",
            "arn": "arn:aws:ec2:us-east-1:939772703763:instance/i-04f67862d80132021",
            "associate_public_ip_address": true,
            "availability_zone": "us-east-1a",
            "capacity_reservation_specification": [
              {
                "capacity_reservation_preference": "open",
                "capacity_reservation_target": []
              }
            ],
            "cpu_core_count": 1,
            "cpu_options": [
              {
                "amd_sev_snp": "",
                "core_count": 1,
                "threads_per_core": 2
              }
            ],
            "cpu_threads_per_core": 2,
            "credit_specification": [
              {
                "cpu_credits": "unlimited"
              }
            ],
            "disable_api_stop": false,
            "disable_api_termination": false,
            "ebs_block_device": [],
            "ebs_optimized": false,
            "enclave_options": [
              {
                "enabled": false
              }
            ],
            "ephemeral_block_device": [],
            "get_password_data": false,
            "hibernation": false,
            "host_id": "",
            "host_resource_group_arn": null,
            "iam_instance_profile": "petclinic_role_rancher-oliver",
            "id": "i-04f67862d80132021",
            "instance_initiated_shutdown_behavior": "stop",
            "instance_lifecycle": "",
            "instance_market_options": [],
            "instance_state": "running",
            "instance_type": "t3a.medium",
            "ipv6_address_count": 0,
            "ipv6_addresses": [],
            "key_name": "petclinic-rancher",
            "launch_template": [],
            "maintenance_options": [
              {
                "auto_recovery": "default"
              }
            ],
            "metadata_options": [
              {
                "http_endpoint": "enabled",
                "http_protocol_ipv6": "disabled",
                "http_put_response_hop_limit": 1,
                "http_tokens": "optional",
                "instance_metadata_tags": "disabled"
              }
            ],
            "monitoring": false,
            "network_interface": [],
            "outpost_arn": "",
            "password_data": "",
            "placement_group": "",
            "placement_partition_number": 0,
            "primary_network_interface_id": "eni-077157a554e69abc6",
            "private_dns": "ip-172-31-90-131.ec2.internal",
            "private_dns_name_options": [
              {
                "enable_resource_name_dns_a_record": false,
                "enable_resource_name_dns_aaaa_record": false,
                "hostname_type": "ip-name"
              }
            ],
            "private_ip": "172.31.90.131",
            "public_dns": "ec2-44-211-150-151.compute-1.amazonaws.com",
            "public_ip": "44.211.150.151",
            "root_block_device": [
              {
                "delete_on_termination": true,
                "device_name": "/dev/sda1",
                "encrypted": false,
                "iops": 100,
                "kms_key_id": "",
                "tags": {},
                "tags_all": {},
                "throughput": 0,
                "volume_id": "vol-05a003c1291a7fd39",
                "volume_size": 16,
                "volume_type": "gp2"
              }
            ],
            "secondary_private_ips": [],
            "security_groups": [
              "rancher-server-sec-gr-oliver"
            ],
            "source_dest_check": true,
            "spot_instance_request_id": "",
            "subnet_id": "subnet-025d46be72f5ca672",
            "tags": {
              "Name": "petclinic-rancher-server",
              "kubernetes.io/cluster/petclinic-Rancher": "owned"
            },
            "tags_all": {
              "Name": "petclinic-rancher-server",
              "kubernetes.io/cluster/petclinic-Rancher": "owned"
            },
            "tenancy": "default",
            "timeouts": null,
            "user_data": "a81fb430d86c17fe9a93880192c57140e764a51f",
            "user_data_base64": null,
            "user_data_replace_on_change": false,
            "volume_tags": null,
            "vpc_security_group_ids": [
              "sg-0e80cf03818ad51af"
            ]
          },
          "sensitive_attributes": [],
          "private": "eyJlMmJmYjczMC1lY2FhLTExZTYtOGY4OC0zNDM2M2JjN2M0YzAiOnsiY3JlYXRlIjo2MDAwMDAwMDAwMDAsImRlbGV0ZSI6MTIwMDAwMDAwMDAwMCwicmVhZCI6OTAwMDAwMDAwMDAwLCJ1cGRhdGUiOjYwMDAwMDAwMDAwMH0sInNjaGVtYV92ZXJzaW9uIjoiMSJ9",
          "dependencies": [
            "aws_iam_instance_profile.profile_for_rancher",
            "aws_iam_role.role_for_rancher",
            "aws_key_pair.generated_key",
            "aws_security_group.rancher-alb",
            "aws_security_group.tf-rancher-sec-gr",
            "tls_private_key.example"
          ]
        }
      ]
    },
    {
      "mode": "managed",
      "type": "aws_key_pair",
      "name": "generated_key",
      "provider": "provider[\"registry.terraform.io/hashicorp/aws\"]",
      "instances": [
        {
          "schema_version": 1,
          "attributes": {
            "arn": "arn:aws:ec2:us-east-1:939772703763:key-pair/petclinic-rancher",
            "fingerprint": "22:64:22:57:62:8d:91:0c:39:a6:06:c3:2f:d6:18:0d",
            "id": "petclinic-rancher",
            "key_name": "petclinic-rancher",
            "key_name_prefix": "",
            "key_pair_id": "key-03177832b32db7ae2",
            "key_type": "rsa",
            "public_key": "ssh-rsa AAAAB3NzaC1yc2EAAAADAQABAAACAQDqR6wlG46llw8xy+YCSyh6yq349xCIdeEkjPt9A5NeUYHC2zu+MrOAGHrpTfimqwTedqNlEV8S+1V3F95vSrnOK9bXIdZPCRGgBU+4jpmwF8IgMJOSAY1U/nZH2kciljdUGl7vlHuswl3Sy3r9q6cESDOOb5qXsYLXX+AbnZfLvHD4z4kZrhImTe94rbvlQTNawGAPbpqdrrPYuxm0bubyyhc+gAy/G3n9s/3pqmi7WhTWh/t4fPwQUCtUyNC3KlAC8rHmtTRpcP9hKV6lHirR6e2J3wcvy+Ip9zWwK6zLK6RCcoMiQxBcqzu/g9cqRSGJzek9n0GYJZmnAMCOn4USBpa4LT4J57ZqKWNWljn8xO0l26tPzDrGPBy6saLhmv4mbXBVaotU94lVr2n19bA80hdvAgx9x5AH9qe/GDzMAFXHY1q9EOb21newng6HX2BGYcF9Cu7/aQfdhiSYiojCB5/kPyMvzmC/mq57ye3FBTjK2+FdJ1J1g+hAr49qUVI2cmyU9Zp3rFWUMYNOgjzT+pG74yQUgyMRiIB8Y3vVLWQ3+ekdNPTZokCMNjxDGzZILZ3/H5DfprJV6YHy8B5qjOKzRuRZKSXzyL4HSXcJJzS0EBTao4gquPv/B7MfBlXhaYMfFRCEyC2spr/Cll7iXLKtZHl3kg7it2UPSsLLTQ==",
            "tags": {},
            "tags_all": {}
          },
          "sensitive_attributes": [],
          "private": "eyJzY2hlbWFfdmVyc2lvbiI6IjEifQ==",
          "dependencies": [
            "tls_private_key.example"
          ]
        }
      ]
    },
    {
      "mode": "managed",
      "type": "aws_lb",
      "name": "rancher-alb",
      "provider": "provider[\"registry.terraform.io/hashicorp/aws\"]",
      "instances": [
        {
          "schema_version": 0,
          "attributes": {
            "access_logs": [
              {
                "bucket": "",
                "enabled": false,
                "prefix": ""
              }
            ],
            "arn": "arn:aws:elasticloadbalancing:us-east-1:939772703763:loadbalancer/app/petclinic-rancher-alb-oliver/639c826f44b63d39",
            "arn_suffix": "app/petclinic-rancher-alb-oliver/639c826f44b63d39",
            "connection_logs": [
              {
                "bucket": "",
                "enabled": false,
                "prefix": ""
              }
            ],
            "customer_owned_ipv4_pool": "",
            "desync_mitigation_mode": "defensive",
            "dns_name": "petclinic-rancher-alb-oliver-45661026.us-east-1.elb.amazonaws.com",
            "dns_record_client_routing_policy": null,
            "drop_invalid_header_fields": false,
            "enable_cross_zone_load_balancing": true,
            "enable_deletion_protection": false,
            "enable_http2": true,
            "enable_tls_version_and_cipher_suite_headers": false,
            "enable_waf_fail_open": false,
            "enable_xff_client_port": false,
            "enforce_security_group_inbound_rules_on_private_link_traffic": "",
            "id": "arn:aws:elasticloadbalancing:us-east-1:939772703763:loadbalancer/app/petclinic-rancher-alb-oliver/639c826f44b63d39",
            "idle_timeout": 60,
            "internal": false,
            "ip_address_type": "ipv4",
            "load_balancer_type": "application",
            "name": "petclinic-rancher-alb-oliver",
            "name_prefix": "",
            "preserve_host_header": false,
            "security_groups": [
              "sg-053e467e6911cd1f1"
            ],
            "subnet_mapping": [
              {
                "allocation_id": "",
                "ipv6_address": "",
                "outpost_id": "",
                "private_ipv4_address": "",
                "subnet_id": "subnet-0188a05ca26a93126"
              },
              {
                "allocation_id": "",
                "ipv6_address": "",
                "outpost_id": "",
                "private_ipv4_address": "",
                "subnet_id": "subnet-025d46be72f5ca672"
              },
              {
                "allocation_id": "",
                "ipv6_address": "",
                "outpost_id": "",
                "private_ipv4_address": "",
                "subnet_id": "subnet-042f1f0d62b2b1c92"
              }
            ],
            "subnets": [
              "subnet-0188a05ca26a93126",
              "subnet-025d46be72f5ca672",
              "subnet-042f1f0d62b2b1c92"
            ],
            "tags": {},
            "tags_all": {},
            "timeouts": null,
            "vpc_id": "vpc-07d3a7cae8b930906",
            "xff_header_processing_mode": "append",
            "zone_id": "Z35SXDOTRQ7X7K"
          },
          "sensitive_attributes": [],
          "private": "eyJlMmJmYjczMC1lY2FhLTExZTYtOGY4OC0zNDM2M2JjN2M0YzAiOnsiY3JlYXRlIjo2MDAwMDAwMDAwMDAsImRlbGV0ZSI6NjAwMDAwMDAwMDAwLCJ1cGRhdGUiOjYwMDAwMDAwMDAwMH19",
          "dependencies": [
            "aws_security_group.rancher-alb"
          ]
        }
      ]
    },
    {
      "mode": "managed",
      "type": "aws_route53_record",
      "name": "arecord",
      "provider": "provider[\"registry.terraform.io/hashicorp/aws\"]",
      "instances": [
        {
          "schema_version": 2,
          "attributes": {
            "alias": [
              {
                "evaluate_target_health": true,
                "name": "petclinic-rancher-alb-oliver-45661026.us-east-1.elb.amazonaws.com",
                "zone_id": "Z35SXDOTRQ7X7K"
              }
            ],
            "allow_overwrite": null,
            "cidr_routing_policy": [],
            "failover_routing_policy": [],
            "fqdn": "rancher.yasinhasturk.com",
            "geolocation_routing_policy": [],
            "geoproximity_routing_policy": [],
            "health_check_id": "",
            "id": "Z09970343P9FDCGNVKTS6_rancher.yasinhasturk.com_A",
            "latency_routing_policy": [],
            "multivalue_answer_routing_policy": false,
            "name": "rancher.yasinhasturk.com",
            "records": [],
            "set_identifier": "",
            "ttl": 0,
            "type": "A",
            "weighted_routing_policy": [],
            "zone_id": "Z09970343P9FDCGNVKTS6"
          },
          "sensitive_attributes": [],
          "private": "eyJzY2hlbWFfdmVyc2lvbiI6IjIifQ==",
          "dependencies": [
            "aws_lb.rancher-alb",
            "aws_security_group.rancher-alb",
            "data.aws_route53_zone.dns"
          ]
        }
      ]
    },
    {
      "mode": "managed",
      "type": "aws_security_group",
      "name": "rancher-alb",
      "provider": "provider[\"registry.terraform.io/hashicorp/aws\"]",
      "instances": [
        {
          "schema_version": 1,
          "attributes": {
            "arn": "arn:aws:ec2:us-east-1:939772703763:security-group/sg-053e467e6911cd1f1",
            "description": "Managed by Terraform",
            "egress": [
              {
                "cidr_blocks": [
                  "0.0.0.0/0"
                ],
                "description": "",
                "from_port": 0,
                "ipv6_cidr_blocks": [],
                "prefix_list_ids": [],
                "protocol": "-1",
                "security_groups": [],
                "self": false,
                "to_port": 0
              }
            ],
            "id": "sg-053e467e6911cd1f1",
            "ingress": [
              {
                "cidr_blocks": [
                  "0.0.0.0/0"
                ],
                "description": "",
                "from_port": 443,
                "ipv6_cidr_blocks": [],
                "prefix_list_ids": [],
                "protocol": "tcp",
                "security_groups": [],
                "self": false,
                "to_port": 443
              },
              {
                "cidr_blocks": [
                  "0.0.0.0/0"
                ],
                "description": "",
                "from_port": 80,
                "ipv6_cidr_blocks": [],
                "prefix_list_ids": [],
                "protocol": "tcp",
                "security_groups": [],
                "self": false,
                "to_port": 80
              }
            ],
            "name": "petclinicdt-rancher-alb-sec-gr",
            "name_prefix": "",
            "owner_id": "939772703763",
            "revoke_rules_on_delete": false,
            "tags": {
              "Name": "petclinicdt-rancher-alb-sec-gr",
              "kubernetes.io/cluster/petclinic-Rancher": "owned"
            },
            "tags_all": {
              "Name": "petclinicdt-rancher-alb-sec-gr",
              "kubernetes.io/cluster/petclinic-Rancher": "owned"
            },
            "timeouts": null,
            "vpc_id": "vpc-07d3a7cae8b930906"
          },
          "sensitive_attributes": [],
          "private": "eyJlMmJmYjczMC1lY2FhLTExZTYtOGY4OC0zNDM2M2JjN2M0YzAiOnsiY3JlYXRlIjo2MDAwMDAwMDAwMDAsImRlbGV0ZSI6OTAwMDAwMDAwMDAwfSwic2NoZW1hX3ZlcnNpb24iOiIxIn0="
        }
      ]
    },
    {
      "mode": "managed",
      "type": "aws_security_group",
      "name": "tf-rancher-sec-gr",
      "provider": "provider[\"registry.terraform.io/hashicorp/aws\"]",
      "instances": [
        {
          "schema_version": 1,
          "attributes": {
            "arn": "arn:aws:ec2:us-east-1:939772703763:security-group/sg-0e80cf03818ad51af",
            "description": "Managed by Terraform",
            "egress": [
              {
                "cidr_blocks": [
                  "0.0.0.0/0"
                ],
                "description": "",
                "from_port": 0,
                "ipv6_cidr_blocks": [],
                "prefix_list_ids": [],
                "protocol": "-1",
                "security_groups": [],
                "self": false,
                "to_port": 0
              },
              {
                "cidr_blocks": [
                  "0.0.0.0/0"
                ],
                "description": "",
                "from_port": 22,
                "ipv6_cidr_blocks": [],
                "prefix_list_ids": [],
                "protocol": "tcp",
                "security_groups": [],
                "self": false,
                "to_port": 22
              },
              {
                "cidr_blocks": [
                  "0.0.0.0/0"
                ],
                "description": "",
                "from_port": 2376,
                "ipv6_cidr_blocks": [],
                "prefix_list_ids": [],
                "protocol": "tcp",
                "security_groups": [],
                "self": false,
                "to_port": 2376
              },
              {
                "cidr_blocks": [
                  "0.0.0.0/0"
                ],
                "description": "",
                "from_port": 80,
                "ipv6_cidr_blocks": [],
                "prefix_list_ids": [],
                "protocol": "tcp",
                "security_groups": [],
                "self": false,
                "to_port": 80
              },
              {
                "cidr_blocks": [
                  "35.167.242.46/32",
                  "52.33.59.17/32",
                  "35.160.43.145/32"
                ],
                "description": "",
                "from_port": 443,
                "ipv6_cidr_blocks": [],
                "prefix_list_ids": [],
                "protocol": "tcp",
                "security_groups": [],
                "self": false,
                "to_port": 443
              },
              {
                "cidr_blocks": [],
                "description": "",
                "from_port": 0,
                "ipv6_cidr_blocks": [],
                "prefix_list_ids": [],
                "protocol": "-1",
                "security_groups": [],
                "self": true,
                "to_port": 0
              }
            ],
            "id": "sg-0e80cf03818ad51af",
            "ingress": [
              {
                "cidr_blocks": [
                  "0.0.0.0/0"
                ],
                "description": "",
                "from_port": 22,
                "ipv6_cidr_blocks": [],
                "prefix_list_ids": [],
                "protocol": "tcp",
                "security_groups": [],
                "self": false,
                "to_port": 22
              },
              {
                "cidr_blocks": [
                  "0.0.0.0/0"
                ],
                "description": "",
                "from_port": 443,
                "ipv6_cidr_blocks": [],
                "prefix_list_ids": [],
                "protocol": "tcp",
                "security_groups": [],
                "self": false,
                "to_port": 443
              },
              {
                "cidr_blocks": [
                  "0.0.0.0/0"
                ],
                "description": "",
                "from_port": 6443,
                "ipv6_cidr_blocks": [],
                "prefix_list_ids": [],
                "protocol": "tcp",
                "security_groups": [],
                "self": false,
                "to_port": 6443
              },
              {
                "cidr_blocks": [],
                "description": "",
                "from_port": 0,
                "ipv6_cidr_blocks": [],
                "prefix_list_ids": [],
                "protocol": "-1",
                "security_groups": [],
                "self": true,
                "to_port": 0
              },
              {
                "cidr_blocks": [],
                "description": "",
                "from_port": 80,
                "ipv6_cidr_blocks": [],
                "prefix_list_ids": [],
                "protocol": "tcp",
                "security_groups": [
                  "sg-053e467e6911cd1f1"
                ],
                "self": false,
                "to_port": 80
              }
            ],
            "name": "rancher-server-sec-gr-oliver",
            "name_prefix": "",
            "owner_id": "939772703763",
            "revoke_rules_on_delete": false,
            "tags": {
              "Name": "rancher-server-sec-gr-oliver",
              "kubernetes.io/cluster/petclinic-Rancher": "owned"
            },
            "tags_all": {
              "Name": "rancher-server-sec-gr-oliver",
              "kubernetes.io/cluster/petclinic-Rancher": "owned"
            },
            "timeouts": null,
            "vpc_id": "vpc-07d3a7cae8b930906"
          },
          "sensitive_attributes": [],
          "private": "eyJlMmJmYjczMC1lY2FhLTExZTYtOGY4OC0zNDM2M2JjN2M0YzAiOnsiY3JlYXRlIjo2MDAwMDAwMDAwMDAsImRlbGV0ZSI6OTAwMDAwMDAwMDAwfSwic2NoZW1hX3ZlcnNpb24iOiIxIn0=",
          "dependencies": [
            "aws_security_group.rancher-alb"
          ]
        }
      ]
    },
    {
      "mode": "managed",
      "type": "null_resource",
      "name": "privatekey",
      "provider": "provider[\"registry.terraform.io/hashicorp/null\"]",
      "instances": [
        {
          "schema_version": 0,
          "attributes": {
            "id": "8712632150761574242",
            "triggers": null
          },
          "sensitive_attributes": [],
          "dependencies": [
            "tls_private_key.example"
          ]
        }
      ]
    },
    {
      "mode": "managed",
      "type": "tls_private_key",
      "name": "example",
      "provider": "provider[\"registry.terraform.io/hashicorp/tls\"]",
      "instances": [
        {
          "schema_version": 1,
          "attributes": {
            "algorithm": "RSA",
            "ecdsa_curve": "P224",
            "id": "8e5e536282e85486fe39764f0a66d4b255d899c2",
            "private_key_openssh": "-----BEGIN OPENSSH PRIVATE KEY-----\nb3BlbnNzaC1rZXktdjEAAAAABG5vbmUAAAAEbm9uZQAAAAAAAAABAAACFwAAAAdz\nc2gtcnNhAAAAAwEAAQAAAgEA6kesJRuOpZcPMcvmAksoesqt+PcQiHXhJIz7fQOT\nXlGBwts7vjKzgBh66U34pqsE3najZRFfEvtVdxfeb0q5zivW1yHWTwkRoAVPuI6Z\nsBfCIDCTkgGNVP52R9pHIpY3VBpe75R7rMJd0st6/aunBEgzjm+al7GC11/gG52X\ny7xw+M+JGa4SJk3veK275UEzWsBgD26ana6z2LsZtG7m8soXPoAMvxt5/bP96apo\nu1oU1of7eHz8EFArVMjQtypQAvKx5rU0aXD/YSlepR4q0entid8HL8viKfc1sCus\nyyukQnKDIkMQXKs7v4PXKkUhic3pPZ9BmCWZpwDAjp+FEgaWuC0+Cee2ailjVpY5\n/MTtJdurT8w6xjwcurGi4Zr+Jm1wVWqLVPeJVa9p9fWwPNIXbwIMfceQB/anvxg8\nzABVx2NavRDm9tZ3sJ4Oh19gRmHBfQru/2kH3YYkmIqIwgef5D8jL85gv5que8nt\nxQU4ytvhXSdSdYPoQK+PalFSNnJslPWad6xVlDGDToI80/qRu+MkFIMjEYiAfGN7\n1S1kN/npHTT02aJAjDY8Qxs2SC2d/x+Q36ayVemB8vAeaozis0bkWSkl88i+B0l3\nCSc0tBAU2qOIKrj7/wezHwZV4WmDHxUQhMgtrKa/wpZe4lyyrWR5d5IO4rdlD0rC\ny00AAAc433rBSd96wUkAAAAHc3NoLXJzYQAAAgEA6kesJRuOpZcPMcvmAksoesqt\n+PcQiHXhJIz7fQOTXlGBwts7vjKzgBh66U34pqsE3najZRFfEvtVdxfeb0q5zivW\n1yHWTwkRoAVPuI6ZsBfCIDCTkgGNVP52R9pHIpY3VBpe75R7rMJd0st6/aunBEgz\njm+al7GC11/gG52Xy7xw+M+JGa4SJk3veK275UEzWsBgD26ana6z2LsZtG7m8soX\nPoAMvxt5/bP96apou1oU1of7eHz8EFArVMjQtypQAvKx5rU0aXD/YSlepR4q0ent\nid8HL8viKfc1sCusyyukQnKDIkMQXKs7v4PXKkUhic3pPZ9BmCWZpwDAjp+FEgaW\nuC0+Cee2ailjVpY5/MTtJdurT8w6xjwcurGi4Zr+Jm1wVWqLVPeJVa9p9fWwPNIX\nbwIMfceQB/anvxg8zABVx2NavRDm9tZ3sJ4Oh19gRmHBfQru/2kH3YYkmIqIwgef\n5D8jL85gv5que8ntxQU4ytvhXSdSdYPoQK+PalFSNnJslPWad6xVlDGDToI80/qR\nu+MkFIMjEYiAfGN71S1kN/npHTT02aJAjDY8Qxs2SC2d/x+Q36ayVemB8vAeaozi\ns0bkWSkl88i+B0l3CSc0tBAU2qOIKrj7/wezHwZV4WmDHxUQhMgtrKa/wpZe4lyy\nrWR5d5IO4rdlD0rCy00AAAADAQABAAACAQDZ4epRYH2btw9kinLRc0CkYlbGElCH\n+Ml4ir1hGLA3qan6pJW9X73cxeeZjvBPYQHYO5Hebvdy2dg0ODigXGjNO6xEy61a\nN97yab4osEZypMXf1g2IXnUotLcgP/qkSfwO9a+RNRCILQPBBYjO3pMnwlZgg57M\nsUQ0NXBhfoEr84dFfw3Mmj067oRmQX1byvWN0xgDgiO9vjp4uBlB21piNlzDvacd\nHNqpfnoIlHlutGpo0nKnLeXm7gg+g7zIfEuJUljtbVzfKz33CNiCy7mbG+nUrV0r\nsHwX91cxDo1XLrFHMuSOOry+0mlwxZaYM07rsFrY+oGwlFeAH4z1l5nS0E4Nm+QZ\nJdUv9OVv3V8RsqZ28ECMN/O4YmJspL0JtVtfPlyI0KcHsvOPUm0B6TMBNrF91bDs\nkJbcoQ7nhoidU5xhG0qzF4XV6YOamGkFQIWcROAl9hpWgFgNuE8B7iZi80XDiU/K\nBLH7hwN21pvY5N+NFsSZRjeHNPHKCuTpARp43fqj9mzmu+qDr/IjPjCkM/iUwdkD\nR0/JqS9Kex7kExEmDgXG0vEjGIDzlJxzRk2rr7hl+cuLARisDABRa7wXZ0Rz4iko\nO7MP+MXpw3MkJEQaWtxULXYcAbXP2mVkBlr+RoD7zwYrkH/nVy9VDxGA/xxeeDuo\nK8jdYhP8CRG4KQAAAQBYFsnOD83uWhgzELmUgAtGRv2w3Tfn7n0mF1EccsEcqrA3\nVHiUbwDNRu+QcrOx2UbOKOf71l+7F/2b5akMG6XcrYc/v9d0cuX6u9OVkqV/683/\ni81jXTGd6FJCRj2TsihOOl2N93XK5+zIiXTl6+FaQkbU2PrjD2e6sPmsT/LlLtnu\nPnt4MaBMeZge/EtSKj6lRqb7Ocy7bnDGqHidgff9S6SgcwWPHkZQms21ILJptftu\nD9NXvAvN8d54aI7TRQxTdO+McLTD8JdZTd6z6dCkUXIfCnoB1jk7rM3wvR9TbK2U\n3x56xMA30jEkIeL7hP7PqM5HAnvS+c72cX39lSs4AAABAQDyf7T5JnpRjAaet7ao\nYJjKrvKb6RoiMvHUPxN6pdq4VI9HGo1vjUOzUOH43940jOwVJdmWD+oQg+0hvacy\nNDYI74v/lFZxrHc6FImanyZFYeyPYBxxUOppv0zzW7fZXpocsTYRTKS7S3ApvjPZ\nlIJthTePSWYW1Sb6UzSI4JOwHrkcb3khqgUDSsRsVEf9hm4NKdRONo8kZntKD1Ol\nTkVa48Zijbo2/1ihpEf7WlOcg42s/iFi7f/WPX7L64b0KmCe+z+OXrPnwy9cm1bG\nLV1c/jtzkXlTyG0euY4f38FYWcx3Ml0MGISk4loqNJppubYa7sxt9N2mq+U6wkE3\nSVlnAAABAQD3UtK+AoWoXiCZX5+unbF9D4NNGbsNB1l3a3rhok0tfPCueuoBU7Ls\nJ5MYw1kXYVmeVHYzhDUnknRc2+Cm54xDWRL12WAnHeGE+kYaXHaTH2cgOXbALHta\nMqgK2Pacru9vccw2z/xEVZjbGQgYl33ppRF0OCJMJ1T0CzXywawfvMsHVIGGs/gU\nTP/cNbC5d4/iajp7l+iTmpYwflUPsGIs0SHvNVRjpSeVGCvHSz4V0OtaWAT5VsoF\nadbnGf18bhDJY3Ptn+LxnodRsRbw0wJ9/t3j3NsmmDX/MLONisblEdx5JvkxCdT7\niac/6D1s8F9R5X2AI9g103c2SS5wsaErAAAAAAEC\n-----END OPENSSH PRIVATE KEY-----\n",
            "private_key_pem": "-----BEGIN RSA PRIVATE KEY-----\nMIIJKQIBAAKCAgEA6kesJRuOpZcPMcvmAksoesqt+PcQiHXhJIz7fQOTXlGBwts7\nvjKzgBh66U34pqsE3najZRFfEvtVdxfeb0q5zivW1yHWTwkRoAVPuI6ZsBfCIDCT\nkgGNVP52R9pHIpY3VBpe75R7rMJd0st6/aunBEgzjm+al7GC11/gG52Xy7xw+M+J\nGa4SJk3veK275UEzWsBgD26ana6z2LsZtG7m8soXPoAMvxt5/bP96apou1oU1of7\neHz8EFArVMjQtypQAvKx5rU0aXD/YSlepR4q0entid8HL8viKfc1sCusyyukQnKD\nIkMQXKs7v4PXKkUhic3pPZ9BmCWZpwDAjp+FEgaWuC0+Cee2ailjVpY5/MTtJdur\nT8w6xjwcurGi4Zr+Jm1wVWqLVPeJVa9p9fWwPNIXbwIMfceQB/anvxg8zABVx2Na\nvRDm9tZ3sJ4Oh19gRmHBfQru/2kH3YYkmIqIwgef5D8jL85gv5que8ntxQU4ytvh\nXSdSdYPoQK+PalFSNnJslPWad6xVlDGDToI80/qRu+MkFIMjEYiAfGN71S1kN/np\nHTT02aJAjDY8Qxs2SC2d/x+Q36ayVemB8vAeaozis0bkWSkl88i+B0l3CSc0tBAU\n2qOIKrj7/wezHwZV4WmDHxUQhMgtrKa/wpZe4lyyrWR5d5IO4rdlD0rCy00CAwEA\nAQKCAgEA2eHqUWB9m7cPZIpy0XNApGJWxhJQh/jJeIq9YRiwN6mp+qSVvV+93MXn\nmY7wT2EB2DuR3m73ctnYNDg4oFxozTusRMutWjfe8mm+KLBGcqTF39YNiF51KLS3\nID/6pEn8DvWvkTUQiC0DwQWIzt6TJ8JWYIOezLFENDVwYX6BK/OHRX8NzJo9Ou6E\nZkF9W8r1jdMYA4Ijvb46eLgZQdtaYjZcw72nHRzaqX56CJR5brRqaNJypy3l5u4I\nPoO8yHxLiVJY7W1c3ys99wjYgsu5mxvp1K1dK7B8F/dXMQ6NVy6xRzLkjjq8vtJp\ncMWWmDNO67Ba2PqBsJRXgB+M9ZeZ0tBODZvkGSXVL/Tlb91fEbKmdvBAjDfzuGJi\nbKS9CbVbXz5ciNCnB7Lzj1JtAekzATaxfdWw7JCW3KEO54aInVOcYRtKsxeF1emD\nmphpBUCFnETgJfYaVoBYDbhPAe4mYvNFw4lPygSx+4cDdtab2OTfjRbEmUY3hzTx\nygrk6QEaeN36o/Zs5rvqg6/yIz4wpDP4lMHZA0dPyakvSnse5BMRJg4FxtLxIxiA\n85Scc0ZNq6+4ZfnLiwEYrAwAUWu8F2dEc+IpKDuzD/jF6cNzJCREGlrcVC12HAG1\nz9plZAZa/kaA+88GK5B/51cvVQ8RgP8cXng7qCvI3WIT/AkRuCkCggEBAPJ/tPkm\nelGMBp63tqhgmMqu8pvpGiIy8dQ/E3ql2rhUj0cajW+NQ7NQ4fjf3jSM7BUl2ZYP\n6hCD7SG9pzI0Ngjvi/+UVnGsdzoUiZqfJkVh7I9gHHFQ6mm/TPNbt9lemhyxNhFM\npLtLcCm+M9mUgm2FN49JZhbVJvpTNIjgk7AeuRxveSGqBQNKxGxUR/2Gbg0p1E42\njyRme0oPU6VORVrjxmKNujb/WKGkR/taU5yDjaz+IWLt/9Y9fsvrhvQqYJ77P45e\ns+fDL1ybVsYtXVz+O3OReVPIbR65jh/fwVhZzHcyXQwYhKTiWio0mmm5thruzG30\n3aar5TrCQTdJWWcCggEBAPdS0r4ChaheIJlfn66dsX0Pg00Zuw0HWXdreuGiTS18\n8K566gFTsuwnkxjDWRdhWZ5UdjOENSeSdFzb4KbnjENZEvXZYCcd4YT6RhpcdpMf\nZyA5dsAse1oyqArY9pyu729xzDbP/ERVmNsZCBiXfemlEXQ4IkwnVPQLNfLBrB+8\nywdUgYaz+BRM/9w1sLl3j+JqOnuX6JOaljB+VQ+wYizRIe81VGOlJ5UYK8dLPhXQ\n61pYBPlWygVp1ucZ/XxuEMljc+2f4vGeh1GxFvDTAn3+3ePc2yaYNf8ws42KxuUR\n3Hkm+TEJ1PuJpz/oPWzwX1HlfYAj2DXTdzZJLnCxoSsCggEBAKj0O0W//kcktVQO\nEbBcpPfKTnQ8Q54COqUzUUIJnksBd1YF9Pb8yGd9+gMpDqs0aCQP2/qGmgDpueTh\nO0VqRR+SrsriMhw/Gk6YEottSP/cSzJVt1toEfqdc2K2y3AiTmOhQFdrO/bWh449\n2+hDZWAjCePGMt/DoMWWBSs8tQlnTne2XwIKcDWr+RC04/eKmtCHDUl1D+Q/lrSx\n2wh4cS/zNLxjnJNG8xyj1hcVBt4sdiBKaz5/Ldm5vMcdEUi64djCmrR53QSj5DK0\ndA/deYgaBZfuikbKhOR8Sb6BajdBUYjWySdtSbWLk2CGh/MTlgJL0JjnmyrN5wc6\nYq+/Zg8CggEAJgNz4sKOeo9lIU3CRFt2gUtWGg6fYmRDywgZDf8dL6WpdJftyaBs\nusFmaYL0+ZP760r+E/L5HIj1G6SsBdtHAr75HBJ6JekA1aiGB904WGqWNiy+5NCx\ncO6iR3CLjw+QO6fZBH+5PWOOp/ZT+TunnbbCVQOfuea9tvjWJObBpuskpY7Gjcax\nlaU0GkuiSw9mbR14ubBijfVPqkpwloW8wTivp42h1+L1j4P0jqAw/bdrxSoMMaq2\nSFi5MDIddPeR2vJPSjGt9wcvs02twfwcwPLgdfpnMKpqejupDVNMOL8jDPgBixkA\nxFym+Tqf3lOfwv2r6XsY60UCaLScz7NtmwKCAQBYFsnOD83uWhgzELmUgAtGRv2w\n3Tfn7n0mF1EccsEcqrA3VHiUbwDNRu+QcrOx2UbOKOf71l+7F/2b5akMG6XcrYc/\nv9d0cuX6u9OVkqV/683/i81jXTGd6FJCRj2TsihOOl2N93XK5+zIiXTl6+FaQkbU\n2PrjD2e6sPmsT/LlLtnuPnt4MaBMeZge/EtSKj6lRqb7Ocy7bnDGqHidgff9S6Sg\ncwWPHkZQms21ILJptftuD9NXvAvN8d54aI7TRQxTdO+McLTD8JdZTd6z6dCkUXIf\nCnoB1jk7rM3wvR9TbK2U3x56xMA30jEkIeL7hP7PqM5HAnvS+c72cX39lSs4\n-----END RSA PRIVATE KEY-----\n",
            "private_key_pem_pkcs8": "-----BEGIN PRIVATE KEY-----\nMIIJQwIBADANBgkqhkiG9w0BAQEFAASCCS0wggkpAgEAAoICAQDqR6wlG46llw8x\ny+YCSyh6yq349xCIdeEkjPt9A5NeUYHC2zu+MrOAGHrpTfimqwTedqNlEV8S+1V3\nF95vSrnOK9bXIdZPCRGgBU+4jpmwF8IgMJOSAY1U/nZH2kciljdUGl7vlHuswl3S\ny3r9q6cESDOOb5qXsYLXX+AbnZfLvHD4z4kZrhImTe94rbvlQTNawGAPbpqdrrPY\nuxm0bubyyhc+gAy/G3n9s/3pqmi7WhTWh/t4fPwQUCtUyNC3KlAC8rHmtTRpcP9h\nKV6lHirR6e2J3wcvy+Ip9zWwK6zLK6RCcoMiQxBcqzu/g9cqRSGJzek9n0GYJZmn\nAMCOn4USBpa4LT4J57ZqKWNWljn8xO0l26tPzDrGPBy6saLhmv4mbXBVaotU94lV\nr2n19bA80hdvAgx9x5AH9qe/GDzMAFXHY1q9EOb21newng6HX2BGYcF9Cu7/aQfd\nhiSYiojCB5/kPyMvzmC/mq57ye3FBTjK2+FdJ1J1g+hAr49qUVI2cmyU9Zp3rFWU\nMYNOgjzT+pG74yQUgyMRiIB8Y3vVLWQ3+ekdNPTZokCMNjxDGzZILZ3/H5DfprJV\n6YHy8B5qjOKzRuRZKSXzyL4HSXcJJzS0EBTao4gquPv/B7MfBlXhaYMfFRCEyC2s\npr/Cll7iXLKtZHl3kg7it2UPSsLLTQIDAQABAoICAQDZ4epRYH2btw9kinLRc0Ck\nYlbGElCH+Ml4ir1hGLA3qan6pJW9X73cxeeZjvBPYQHYO5Hebvdy2dg0ODigXGjN\nO6xEy61aN97yab4osEZypMXf1g2IXnUotLcgP/qkSfwO9a+RNRCILQPBBYjO3pMn\nwlZgg57MsUQ0NXBhfoEr84dFfw3Mmj067oRmQX1byvWN0xgDgiO9vjp4uBlB21pi\nNlzDvacdHNqpfnoIlHlutGpo0nKnLeXm7gg+g7zIfEuJUljtbVzfKz33CNiCy7mb\nG+nUrV0rsHwX91cxDo1XLrFHMuSOOry+0mlwxZaYM07rsFrY+oGwlFeAH4z1l5nS\n0E4Nm+QZJdUv9OVv3V8RsqZ28ECMN/O4YmJspL0JtVtfPlyI0KcHsvOPUm0B6TMB\nNrF91bDskJbcoQ7nhoidU5xhG0qzF4XV6YOamGkFQIWcROAl9hpWgFgNuE8B7iZi\n80XDiU/KBLH7hwN21pvY5N+NFsSZRjeHNPHKCuTpARp43fqj9mzmu+qDr/IjPjCk\nM/iUwdkDR0/JqS9Kex7kExEmDgXG0vEjGIDzlJxzRk2rr7hl+cuLARisDABRa7wX\nZ0Rz4ikoO7MP+MXpw3MkJEQaWtxULXYcAbXP2mVkBlr+RoD7zwYrkH/nVy9VDxGA\n/xxeeDuoK8jdYhP8CRG4KQKCAQEA8n+0+SZ6UYwGnre2qGCYyq7ym+kaIjLx1D8T\neqXauFSPRxqNb41Ds1Dh+N/eNIzsFSXZlg/qEIPtIb2nMjQ2CO+L/5RWcax3OhSJ\nmp8mRWHsj2AccVDqab9M81u32V6aHLE2EUyku0twKb4z2ZSCbYU3j0lmFtUm+lM0\niOCTsB65HG95IaoFA0rEbFRH/YZuDSnUTjaPJGZ7Sg9TpU5FWuPGYo26Nv9YoaRH\n+1pTnIONrP4hYu3/1j1+y+uG9Cpgnvs/jl6z58MvXJtWxi1dXP47c5F5U8htHrmO\nH9/BWFnMdzJdDBiEpOJaKjSaabm2Gu7MbfTdpqvlOsJBN0lZZwKCAQEA91LSvgKF\nqF4gmV+frp2xfQ+DTRm7DQdZd2t64aJNLXzwrnrqAVOy7CeTGMNZF2FZnlR2M4Q1\nJ5J0XNvgpueMQ1kS9dlgJx3hhPpGGlx2kx9nIDl2wCx7WjKoCtj2nK7vb3HMNs/8\nRFWY2xkIGJd96aURdDgiTCdU9As18sGsH7zLB1SBhrP4FEz/3DWwuXeP4mo6e5fo\nk5qWMH5VD7BiLNEh7zVUY6UnlRgrx0s+FdDrWlgE+VbKBWnW5xn9fG4QyWNz7Z/i\n8Z6HUbEW8NMCff7d49zbJpg1/zCzjYrG5RHceSb5MQnU+4mnP+g9bPBfUeV9gCPY\nNdN3NkkucLGhKwKCAQEAqPQ7Rb/+RyS1VA4RsFyk98pOdDxDngI6pTNRQgmeSwF3\nVgX09vzIZ336AykOqzRoJA/b+oaaAOm55OE7RWpFH5KuyuIyHD8aTpgSi21I/9xL\nMlW3W2gR+p1zYrbLcCJOY6FAV2s79taHjj3b6ENlYCMJ48Yy38OgxZYFKzy1CWdO\nd7ZfAgpwNav5ELTj94qa0IcNSXUP5D+WtLHbCHhxL/M0vGOck0bzHKPWFxUG3ix2\nIEprPn8t2bm8xx0RSLrh2MKatHndBKPkMrR0D915iBoFl+6KRsqE5HxJvoFqN0FR\niNbJJ21JtYuTYIaH8xOWAkvQmOebKs3nBzpir79mDwKCAQAmA3Piwo56j2UhTcJE\nW3aBS1YaDp9iZEPLCBkN/x0vpal0l+3JoGy6wWZpgvT5k/vrSv4T8vkciPUbpKwF\n20cCvvkcEnol6QDVqIYH3ThYapY2LL7k0LFw7qJHcIuPD5A7p9kEf7k9Y46n9lP5\nO6edtsJVA5+55r22+NYk5sGm6ySljsaNxrGVpTQaS6JLD2ZtHXi5sGKN9U+qSnCW\nhbzBOK+njaHX4vWPg/SOoDD9t2vFKgwxqrZIWLkwMh1095Ha8k9KMa33By+zTa3B\n/BzA8uB1+mcwqmp6O6kNU0w4vyMM+AGLGQDEXKb5Op/eU5/C/avpexjrRQJotJzP\ns22bAoIBAFgWyc4Pze5aGDMQuZSAC0ZG/bDdN+fufSYXURxywRyqsDdUeJRvAM1G\n75Bys7HZRs4o5/vWX7sX/ZvlqQwbpdythz+/13Ry5fq705WSpX/rzf+LzWNdMZ3o\nUkJGPZOyKE46XY33dcrn7MiJdOXr4VpCRtTY+uMPZ7qw+axP8uUu2e4+e3gxoEx5\nmB78S1IqPqVGpvs5zLtucMaoeJ2B9/1LpKBzBY8eRlCazbUgsmm1+24P01e8C83x\n3nhojtNFDFN074xwtMPwl1lN3rPp0KRRch8KegHWOTuszfC9H1NsrZTfHnrEwDfS\nMSQh4vuE/s+ozkcCe9L5zvZxff2VKzg=\n-----END PRIVATE KEY-----\n",
            "public_key_fingerprint_md5": "32:49:e8:51:bb:7e:d0:92:53:a0:53:b3:c8:47:65:ca",
            "public_key_fingerprint_sha256": "SHA256:yUcJSais356qS4rhJ1wi9LK2ZoCrCHU5lL4Bq1LBgms",
            "public_key_openssh": "ssh-rsa AAAAB3NzaC1yc2EAAAADAQABAAACAQDqR6wlG46llw8xy+YCSyh6yq349xCIdeEkjPt9A5NeUYHC2zu+MrOAGHrpTfimqwTedqNlEV8S+1V3F95vSrnOK9bXIdZPCRGgBU+4jpmwF8IgMJOSAY1U/nZH2kciljdUGl7vlHuswl3Sy3r9q6cESDOOb5qXsYLXX+AbnZfLvHD4z4kZrhImTe94rbvlQTNawGAPbpqdrrPYuxm0bubyyhc+gAy/G3n9s/3pqmi7WhTWh/t4fPwQUCtUyNC3KlAC8rHmtTRpcP9hKV6lHirR6e2J3wcvy+Ip9zWwK6zLK6RCcoMiQxBcqzu/g9cqRSGJzek9n0GYJZmnAMCOn4USBpa4LT4J57ZqKWNWljn8xO0l26tPzDrGPBy6saLhmv4mbXBVaotU94lVr2n19bA80hdvAgx9x5AH9qe/GDzMAFXHY1q9EOb21newng6HX2BGYcF9Cu7/aQfdhiSYiojCB5/kPyMvzmC/mq57ye3FBTjK2+FdJ1J1g+hAr49qUVI2cmyU9Zp3rFWUMYNOgjzT+pG74yQUgyMRiIB8Y3vVLWQ3+ekdNPTZokCMNjxDGzZILZ3/H5DfprJV6YHy8B5qjOKzRuRZKSXzyL4HSXcJJzS0EBTao4gquPv/B7MfBlXhaYMfFRCEyC2spr/Cll7iXLKtZHl3kg7it2UPSsLLTQ==\n",
            "public_key_pem": "-----BEGIN PUBLIC KEY-----\nMIICIjANBgkqhkiG9w0BAQEFAAOCAg8AMIICCgKCAgEA6kesJRuOpZcPMcvmAkso\nesqt+PcQiHXhJIz7fQOTXlGBwts7vjKzgBh66U34pqsE3najZRFfEvtVdxfeb0q5\nzivW1yHWTwkRoAVPuI6ZsBfCIDCTkgGNVP52R9pHIpY3VBpe75R7rMJd0st6/aun\nBEgzjm+al7GC11/gG52Xy7xw+M+JGa4SJk3veK275UEzWsBgD26ana6z2LsZtG7m\n8soXPoAMvxt5/bP96apou1oU1of7eHz8EFArVMjQtypQAvKx5rU0aXD/YSlepR4q\n0entid8HL8viKfc1sCusyyukQnKDIkMQXKs7v4PXKkUhic3pPZ9BmCWZpwDAjp+F\nEgaWuC0+Cee2ailjVpY5/MTtJdurT8w6xjwcurGi4Zr+Jm1wVWqLVPeJVa9p9fWw\nPNIXbwIMfceQB/anvxg8zABVx2NavRDm9tZ3sJ4Oh19gRmHBfQru/2kH3YYkmIqI\nwgef5D8jL85gv5que8ntxQU4ytvhXSdSdYPoQK+PalFSNnJslPWad6xVlDGDToI8\n0/qRu+MkFIMjEYiAfGN71S1kN/npHTT02aJAjDY8Qxs2SC2d/x+Q36ayVemB8vAe\naozis0bkWSkl88i+B0l3CSc0tBAU2qOIKrj7/wezHwZV4WmDHxUQhMgtrKa/wpZe\n4lyyrWR5d5IO4rdlD0rCy00CAwEAAQ==\n-----END PUBLIC KEY-----\n",
            "rsa_bits": 4096
          },
          "sensitive_attributes": []
        }
      ]
    }
  ],
  "check_results": null
}
